// !$*UTF8*$!
{
	archiveVersion = 1;
	classes = {
	};
	objectVersion = 46;
	objects = {

/* Begin PBXBuildFile section */
		8489803B1B53F8CC00698242 /* EEMainVC.m in Sources */ = {isa = PBXBuildFile; fileRef = 8489803A1B53F8CC00698242 /* EEMainVC.m */; };
		8489803E1B53FE2E00698242 /* EEFriendsListVC.m in Sources */ = {isa = PBXBuildFile; fileRef = 8489803D1B53FE2E00698242 /* EEFriendsListVC.m */; };
		848CD6F41B552A7C00998DA8 /* EEFriends.m in Sources */ = {isa = PBXBuildFile; fileRef = 848CD6F31B552A7C00998DA8 /* EEFriends.m */; };
		848CD6F81B555F7E00998DA8 /* EEResponseBilder.m in Sources */ = {isa = PBXBuildFile; fileRef = 848CD6F71B555F7E00998DA8 /* EEResponseBilder.m */; };
		848CD6FC1B556B8100998DA8 /* EERequests.m in Sources */ = {isa = PBXBuildFile; fileRef = 848CD6FB1B556B8100998DA8 /* EERequests.m */; };
		84C1C3BD1B4BCF3E00959DF2 /* main.m in Sources */ = {isa = PBXBuildFile; fileRef = 84C1C3BC1B4BCF3E00959DF2 /* main.m */; };
		84C1C3C01B4BCF3E00959DF2 /* AppDelegate.m in Sources */ = {isa = PBXBuildFile; fileRef = 84C1C3BF1B4BCF3E00959DF2 /* AppDelegate.m */; };
		84C1C3C61B4BCF3E00959DF2 /* Main.storyboard in Resources */ = {isa = PBXBuildFile; fileRef = 84C1C3C41B4BCF3E00959DF2 /* Main.storyboard */; };
		84C1C3C81B4BCF3E00959DF2 /* Images.xcassets in Resources */ = {isa = PBXBuildFile; fileRef = 84C1C3C71B4BCF3E00959DF2 /* Images.xcassets */; };
		84C1C3CB1B4BCF3E00959DF2 /* LaunchScreen.xib in Resources */ = {isa = PBXBuildFile; fileRef = 84C1C3C91B4BCF3E00959DF2 /* LaunchScreen.xib */; };
		84C1C3D71B4BCF3E00959DF2 /* VKPhotoViewerTests.m in Sources */ = {isa = PBXBuildFile; fileRef = 84C1C3D61B4BCF3E00959DF2 /* VKPhotoViewerTests.m */; };
		84C3C37C1B4C03CC00E62F6D /* EEVkLoginVC.m in Sources */ = {isa = PBXBuildFile; fileRef = 84C3C37B1B4C03CC00E62F6D /* EEVkLoginVC.m */; };
/* End PBXBuildFile section */

/* Begin PBXContainerItemProxy section */
		84C1C3D11B4BCF3E00959DF2 /* PBXContainerItemProxy */ = {
			isa = PBXContainerItemProxy;
			containerPortal = 84C1C3AF1B4BCF3E00959DF2 /* Project object */;
			proxyType = 1;
			remoteGlobalIDString = 84C1C3B61B4BCF3E00959DF2;
			remoteInfo = VKPhotoViewer;
		};
/* End PBXContainerItemProxy section */

/* Begin PBXFileReference section */
		848980391B53F8CC00698242 /* EEMainVC.h */ = {isa = PBXFileReference; fileEncoding = 4; lastKnownFileType = sourcecode.c.h; path = EEMainVC.h; sourceTree = "<group>"; };
		8489803A1B53F8CC00698242 /* EEMainVC.m */ = {isa = PBXFileReference; fileEncoding = 4; lastKnownFileType = sourcecode.c.objc; path = EEMainVC.m; sourceTree = "<group>"; };
		8489803C1B53FE2E00698242 /* EEFriendsListVC.h */ = {isa = PBXFileReference; fileEncoding = 4; lastKnownFileType = sourcecode.c.h; name = EEFriendsListVC.h; path = FriendsList/EEFriendsListVC.h; sourceTree = "<group>"; };
		8489803D1B53FE2E00698242 /* EEFriendsListVC.m */ = {isa = PBXFileReference; fileEncoding = 4; lastKnownFileType = sourcecode.c.objc; name = EEFriendsListVC.m; path = FriendsList/EEFriendsListVC.m; sourceTree = "<group>"; };
		848CD6F21B552A7C00998DA8 /* EEFriends.h */ = {isa = PBXFileReference; fileEncoding = 4; lastKnownFileType = sourcecode.c.h; name = EEFriends.h; path = FriendsList/EEFriends.h; sourceTree = "<group>"; };
		848CD6F31B552A7C00998DA8 /* EEFriends.m */ = {isa = PBXFileReference; fileEncoding = 4; lastKnownFileType = sourcecode.c.objc; name = EEFriends.m; path = FriendsList/EEFriends.m; sourceTree = "<group>"; };
		848CD6F61B555F7E00998DA8 /* EEResponseBilder.h */ = {isa = PBXFileReference; fileEncoding = 4; lastKnownFileType = sourcecode.c.h; name = EEResponseBilder.h; path = ResponseBilder/EEResponseBilder.h; sourceTree = "<group>"; };
		848CD6F71B555F7E00998DA8 /* EEResponseBilder.m */ = {isa = PBXFileReference; fileEncoding = 4; lastKnownFileType = sourcecode.c.objc; name = EEResponseBilder.m; path = ResponseBilder/EEResponseBilder.m; sourceTree = "<group>"; };
		848CD6FA1B556B8100998DA8 /* EERequests.h */ = {isa = PBXFileReference; fileEncoding = 4; lastKnownFileType = sourcecode.c.h; name = EERequests.h; path = Requests/EERequests.h; sourceTree = "<group>"; };
		848CD6FB1B556B8100998DA8 /* EERequests.m */ = {isa = PBXFileReference; fileEncoding = 4; lastKnownFileType = sourcecode.c.objc; name = EERequests.m; path = Requests/EERequests.m; sourceTree = "<group>"; };
		84C1A41A1B4BD3F700D5F5C0 /* Constants.h */ = {isa = PBXFileReference; lastKnownFileType = sourcecode.c.h; path = Constants.h; sourceTree = "<group>"; };
		84C1C3B71B4BCF3E00959DF2 /* VKPhotoViewer.app */ = {isa = PBXFileReference; explicitFileType = wrapper.application; includeInIndex = 0; path = VKPhotoViewer.app; sourceTree = BUILT_PRODUCTS_DIR; };
		84C1C3BB1B4BCF3E00959DF2 /* Info.plist */ = {isa = PBXFileReference; lastKnownFileType = text.plist.xml; path = Info.plist; sourceTree = "<group>"; };
		84C1C3BC1B4BCF3E00959DF2 /* main.m */ = {isa = PBXFileReference; lastKnownFileType = sourcecode.c.objc; path = main.m; sourceTree = "<group>"; };
		84C1C3BE1B4BCF3E00959DF2 /* AppDelegate.h */ = {isa = PBXFileReference; lastKnownFileType = sourcecode.c.h; path = AppDelegate.h; sourceTree = "<group>"; };
		84C1C3BF1B4BCF3E00959DF2 /* AppDelegate.m */ = {isa = PBXFileReference; lastKnownFileType = sourcecode.c.objc; path = AppDelegate.m; sourceTree = "<group>"; };
		84C1C3C51B4BCF3E00959DF2 /* Base */ = {isa = PBXFileReference; lastKnownFileType = file.storyboard; name = Base; path = Base.lproj/Main.storyboard; sourceTree = "<group>"; };
		84C1C3C71B4BCF3E00959DF2 /* Images.xcassets */ = {isa = PBXFileReference; lastKnownFileType = folder.assetcatalog; path = Images.xcassets; sourceTree = "<group>"; };
		84C1C3CA1B4BCF3E00959DF2 /* Base */ = {isa = PBXFileReference; lastKnownFileType = file.xib; name = Base; path = Base.lproj/LaunchScreen.xib; sourceTree = "<group>"; };
		84C1C3D01B4BCF3E00959DF2 /* VKPhotoViewerTests.xctest */ = {isa = PBXFileReference; explicitFileType = wrapper.cfbundle; includeInIndex = 0; path = VKPhotoViewerTests.xctest; sourceTree = BUILT_PRODUCTS_DIR; };
		84C1C3D51B4BCF3E00959DF2 /* Info.plist */ = {isa = PBXFileReference; lastKnownFileType = text.plist.xml; path = Info.plist; sourceTree = "<group>"; };
		84C1C3D61B4BCF3E00959DF2 /* VKPhotoViewerTests.m */ = {isa = PBXFileReference; lastKnownFileType = sourcecode.c.objc; path = VKPhotoViewerTests.m; sourceTree = "<group>"; };
		84C3C37A1B4C03CC00E62F6D /* EEVkLoginVC.h */ = {isa = PBXFileReference; fileEncoding = 4; lastKnownFileType = sourcecode.c.h; path = EEVkLoginVC.h; sourceTree = "<group>"; };
		84C3C37B1B4C03CC00E62F6D /* EEVkLoginVC.m */ = {isa = PBXFileReference; fileEncoding = 4; lastKnownFileType = sourcecode.c.objc; path = EEVkLoginVC.m; sourceTree = "<group>"; };
/* End PBXFileReference section */

/* Begin PBXFrameworksBuildPhase section */
		84C1C3B41B4BCF3E00959DF2 /* Frameworks */ = {
			isa = PBXFrameworksBuildPhase;
			buildActionMask = 2147483647;
			files = (
			);
			runOnlyForDeploymentPostprocessing = 0;
		};
		84C1C3CD1B4BCF3E00959DF2 /* Frameworks */ = {
			isa = PBXFrameworksBuildPhase;
			buildActionMask = 2147483647;
			files = (
			);
			runOnlyForDeploymentPostprocessing = 0;
		};
/* End PBXFrameworksBuildPhase section */

/* Begin PBXGroup section */
		848CD6F51B555F0300998DA8 /* ResponseBilder */ = {
			isa = PBXGroup;
			children = (
				848CD6F61B555F7E00998DA8 /* EEResponseBilder.h */,
				848CD6F71B555F7E00998DA8 /* EEResponseBilder.m */,
			);
			name = ResponseBilder;
			sourceTree = "<group>";
		};
		848CD6F91B556B3200998DA8 /* Requests */ = {
			isa = PBXGroup;
			children = (
				848CD6FA1B556B8100998DA8 /* EERequests.h */,
				848CD6FB1B556B8100998DA8 /* EERequests.m */,
			);
			name = Requests;
			sourceTree = "<group>";
		};
		84C1C3AE1B4BCF3E00959DF2 = {
			isa = PBXGroup;
			children = (
				84C1C3B91B4BCF3E00959DF2 /* VKPhotoViewer */,
				84C1C3D31B4BCF3E00959DF2 /* VKPhotoViewerTests */,
				84C1C3B81B4BCF3E00959DF2 /* Products */,
			);
			sourceTree = "<group>";
		};
		84C1C3B81B4BCF3E00959DF2 /* Products */ = {
			isa = PBXGroup;
			children = (
				84C1C3B71B4BCF3E00959DF2 /* VKPhotoViewer.app */,
				84C1C3D01B4BCF3E00959DF2 /* VKPhotoViewerTests.xctest */,
			);
			name = Products;
			sourceTree = "<group>";
		};
		84C1C3B91B4BCF3E00959DF2 /* VKPhotoViewer */ = {
			isa = PBXGroup;
			children = (
				84C1C3BE1B4BCF3E00959DF2 /* AppDelegate.h */,
				84C1C3BF1B4BCF3E00959DF2 /* AppDelegate.m */,
				848CD6F91B556B3200998DA8 /* Requests */,
				848CD6F51B555F0300998DA8 /* ResponseBilder */,
				84FE9B4E1B4FBC260067062D /* FriendsList */,
				84C3C3791B4C03CC00E62F6D /* Login */,
				84C1C3C41B4BCF3E00959DF2 /* Main.storyboard */,
				84C1C3C71B4BCF3E00959DF2 /* Images.xcassets */,
				84C1C3C91B4BCF3E00959DF2 /* LaunchScreen.xib */,
				84C1C3BA1B4BCF3E00959DF2 /* Supporting Files */,
				84C1A41A1B4BD3F700D5F5C0 /* Constants.h */,
			);
			path = VKPhotoViewer;
			sourceTree = "<group>";
		};
		84C1C3BA1B4BCF3E00959DF2 /* Supporting Files */ = {
			isa = PBXGroup;
			children = (
				84C1C3BB1B4BCF3E00959DF2 /* Info.plist */,
				84C1C3BC1B4BCF3E00959DF2 /* main.m */,
			);
			name = "Supporting Files";
			sourceTree = "<group>";
		};
		84C1C3D31B4BCF3E00959DF2 /* VKPhotoViewerTests */ = {
			isa = PBXGroup;
			children = (
				84C1C3D61B4BCF3E00959DF2 /* VKPhotoViewerTests.m */,
				84C1C3D41B4BCF3E00959DF2 /* Supporting Files */,
			);
			path = VKPhotoViewerTests;
			sourceTree = "<group>";
		};
		84C1C3D41B4BCF3E00959DF2 /* Supporting Files */ = {
			isa = PBXGroup;
			children = (
				84C1C3D51B4BCF3E00959DF2 /* Info.plist */,
			);
			name = "Supporting Files";
			sourceTree = "<group>";
		};
		84C3C3791B4C03CC00E62F6D /* Login */ = {
			isa = PBXGroup;
			children = (
				84C3C37A1B4C03CC00E62F6D /* EEVkLoginVC.h */,
				84C3C37B1B4C03CC00E62F6D /* EEVkLoginVC.m */,
				848980391B53F8CC00698242 /* EEMainVC.h */,
				8489803A1B53F8CC00698242 /* EEMainVC.m */,
			);
			path = Login;
			sourceTree = "<group>";
		};
		84FE9B4E1B4FBC260067062D /* FriendsList */ = {
			isa = PBXGroup;
			children = (
				8489803C1B53FE2E00698242 /* EEFriendsListVC.h */,
				8489803D1B53FE2E00698242 /* EEFriendsListVC.m */,
				848CD6F21B552A7C00998DA8 /* EEFriends.h */,
				848CD6F31B552A7C00998DA8 /* EEFriends.m */,
			);
			name = FriendsList;
			sourceTree = "<group>";
		};
/* End PBXGroup section */

/* Begin PBXNativeTarget section */
		84C1C3B61B4BCF3E00959DF2 /* VKPhotoViewer */ = {
			isa = PBXNativeTarget;
			buildConfigurationList = 84C1C3DA1B4BCF3E00959DF2 /* Build configuration list for PBXNativeTarget "VKPhotoViewer" */;
			buildPhases = (
				84C1C3B31B4BCF3E00959DF2 /* Sources */,
				84C1C3B41B4BCF3E00959DF2 /* Frameworks */,
				84C1C3B51B4BCF3E00959DF2 /* Resources */,
			);
			buildRules = (
			);
			dependencies = (
			);
			name = VKPhotoViewer;
			productName = VKPhotoViewer;
			productReference = 84C1C3B71B4BCF3E00959DF2 /* VKPhotoViewer.app */;
			productType = "com.apple.product-type.application";
		};
		84C1C3CF1B4BCF3E00959DF2 /* VKPhotoViewerTests */ = {
			isa = PBXNativeTarget;
			buildConfigurationList = 84C1C3DD1B4BCF3E00959DF2 /* Build configuration list for PBXNativeTarget "VKPhotoViewerTests" */;
			buildPhases = (
				84C1C3CC1B4BCF3E00959DF2 /* Sources */,
				84C1C3CD1B4BCF3E00959DF2 /* Frameworks */,
				84C1C3CE1B4BCF3E00959DF2 /* Resources */,
			);
			buildRules = (
			);
			dependencies = (
				84C1C3D21B4BCF3E00959DF2 /* PBXTargetDependency */,
			);
			name = VKPhotoViewerTests;
			productName = VKPhotoViewerTests;
			productReference = 84C1C3D01B4BCF3E00959DF2 /* VKPhotoViewerTests.xctest */;
			productType = "com.apple.product-type.bundle.unit-test";
		};
/* End PBXNativeTarget section */

/* Begin PBXProject section */
		84C1C3AF1B4BCF3E00959DF2 /* Project object */ = {
			isa = PBXProject;
			attributes = {
				LastUpgradeCheck = 0600;
				ORGANIZATIONNAME = Admin;
				TargetAttributes = {
					84C1C3B61B4BCF3E00959DF2 = {
						CreatedOnToolsVersion = 6.0;
					};
					84C1C3CF1B4BCF3E00959DF2 = {
						CreatedOnToolsVersion = 6.0;
						TestTargetID = 84C1C3B61B4BCF3E00959DF2;
					};
				};
			};
			buildConfigurationList = 84C1C3B21B4BCF3E00959DF2 /* Build configuration list for PBXProject "VKPhotoViewer" */;
			compatibilityVersion = "Xcode 3.2";
			developmentRegion = English;
			hasScannedForEncodings = 0;
			knownRegions = (
				en,
				Base,
			);
			mainGroup = 84C1C3AE1B4BCF3E00959DF2;
			productRefGroup = 84C1C3B81B4BCF3E00959DF2 /* Products */;
			projectDirPath = "";
			projectRoot = "";
			targets = (
				84C1C3B61B4BCF3E00959DF2 /* VKPhotoViewer */,
				84C1C3CF1B4BCF3E00959DF2 /* VKPhotoViewerTests */,
			);
		};
/* End PBXProject section */

/* Begin PBXResourcesBuildPhase section */
		84C1C3B51B4BCF3E00959DF2 /* Resources */ = {
			isa = PBXResourcesBuildPhase;
			buildActionMask = 2147483647;
			files = (
				84C1C3C61B4BCF3E00959DF2 /* Main.storyboard in Resources */,
				84C1C3CB1B4BCF3E00959DF2 /* LaunchScreen.xib in Resources */,
				84C1C3C81B4BCF3E00959DF2 /* Images.xcassets in Resources */,
			);
			runOnlyForDeploymentPostprocessing = 0;
		};
		84C1C3CE1B4BCF3E00959DF2 /* Resources */ = {
			isa = PBXResourcesBuildPhase;
			buildActionMask = 2147483647;
			files = (
			);
			runOnlyForDeploymentPostprocessing = 0;
		};
/* End PBXResourcesBuildPhase section */

/* Begin PBXSourcesBuildPhase section */
		84C1C3B31B4BCF3E00959DF2 /* Sources */ = {
			isa = PBXSourcesBuildPhase;
			buildActionMask = 2147483647;
			files = (
				8489803E1B53FE2E00698242 /* EEFriendsListVC.m in Sources */,
				848CD6F41B552A7C00998DA8 /* EEFriends.m in Sources */,
				84C1C3C01B4BCF3E00959DF2 /* AppDelegate.m in Sources */,
				8489803B1B53F8CC00698242 /* EEMainVC.m in Sources */,
				848CD6F81B555F7E00998DA8 /* EEResponseBilder.m in Sources */,
				848CD6FC1B556B8100998DA8 /* EERequests.m in Sources */,
				84C1C3BD1B4BCF3E00959DF2 /* main.m in Sources */,
				84C3C37C1B4C03CC00E62F6D /* EEVkLoginVC.m in Sources */,
			);
			runOnlyForDeploymentPostprocessing = 0;
		};
		84C1C3CC1B4BCF3E00959DF2 /* Sources */ = {
			isa = PBXSourcesBuildPhase;
			buildActionMask = 2147483647;
			files = (
				84C1C3D71B4BCF3E00959DF2 /* VKPhotoViewerTests.m in Sources */,
			);
			runOnlyForDeploymentPostprocessing = 0;
		};
/* End PBXSourcesBuildPhase section */

/* Begin PBXTargetDependency section */
		84C1C3D21B4BCF3E00959DF2 /* PBXTargetDependency */ = {
			isa = PBXTargetDependency;
			target = 84C1C3B61B4BCF3E00959DF2 /* VKPhotoViewer */;
			targetProxy = 84C1C3D11B4BCF3E00959DF2 /* PBXContainerItemProxy */;
		};
/* End PBXTargetDependency section */

/* Begin PBXVariantGroup section */
		84C1C3C41B4BCF3E00959DF2 /* Main.storyboard */ = {
			isa = PBXVariantGroup;
			children = (
				84C1C3C51B4BCF3E00959DF2 /* Base */,
			);
			name = Main.storyboard;
			sourceTree = "<group>";
		};
		84C1C3C91B4BCF3E00959DF2 /* LaunchScreen.xib */ = {
			isa = PBXVariantGroup;
			children = (
				84C1C3CA1B4BCF3E00959DF2 /* Base */,
			);
			name = LaunchScreen.xib;
			sourceTree = "<group>";
		};
/* End PBXVariantGroup section */

/* Begin XCBuildConfiguration section */
		84C1C3D81B4BCF3E00959DF2 /* Debug */ = {
			isa = XCBuildConfiguration;
			buildSettings = {
				ALWAYS_SEARCH_USER_PATHS = NO;
				CLANG_CXX_LANGUAGE_STANDARD = "gnu++0x";
				CLANG_CXX_LIBRARY = "libc++";
				CLANG_ENABLE_MODULES = YES;
				CLANG_ENABLE_OBJC_ARC = YES;
				CLANG_WARN_BOOL_CONVERSION = YES;
				CLANG_WARN_CONSTANT_CONVERSION = YES;
				CLANG_WARN_DIRECT_OBJC_ISA_USAGE = YES_ERROR;
				CLANG_WARN_EMPTY_BODY = YES;
				CLANG_WARN_ENUM_CONVERSION = YES;
				CLANG_WARN_INT_CONVERSION = YES;
				CLANG_WARN_OBJC_ROOT_CLASS = YES_ERROR;
				CLANG_WARN_UNREACHABLE_CODE = YES;
				CLANG_WARN__DUPLICATE_METHOD_MATCH = YES;
				"CODE_SIGN_IDENTITY[sdk=iphoneos*]" = "iPhone Developer";
				COPY_PHASE_STRIP = NO;
				ENABLE_STRICT_OBJC_MSGSEND = YES;
				GCC_C_LANGUAGE_STANDARD = gnu99;
				GCC_DYNAMIC_NO_PIC = NO;
				GCC_OPTIMIZATION_LEVEL = 0;
				GCC_PREPROCESSOR_DEFINITIONS = (
					"DEBUG=1",
					"$(inherited)",
				);
				GCC_SYMBOLS_PRIVATE_EXTERN = NO;
				GCC_WARN_64_TO_32_BIT_CONVERSION = YES;
				GCC_WARN_ABOUT_RETURN_TYPE = YES_ERROR;
				GCC_WARN_UNDECLARED_SELECTOR = YES;
				GCC_WARN_UNINITIALIZED_AUTOS = YES_AGGRESSIVE;
				GCC_WARN_UNUSED_FUNCTION = YES;
				GCC_WARN_UNUSED_VARIABLE = YES;
				IPHONEOS_DEPLOYMENT_TARGET = 8.0;
				MTL_ENABLE_DEBUG_INFO = YES;
				ONLY_ACTIVE_ARCH = YES;
				SDKROOT = iphoneos;
			};
			name = Debug;
		};
		84C1C3D91B4BCF3E00959DF2 /* Release */ = {
			isa = XCBuildConfiguration;
			buildSettings = {
				ALWAYS_SEARCH_USER_PATHS = NO;
				CLANG_CXX_LANGUAGE_STANDARD = "gnu++0x";
				CLANG_CXX_LIBRARY = "libc++";
				CLANG_ENABLE_MODULES = YES;
				CLANG_ENABLE_OBJC_ARC = YES;
				CLANG_WARN_BOOL_CONVERSION = YES;
				CLANG_WARN_CONSTANT_CONVERSION = YES;
				CLANG_WARN_DIRECT_OBJC_ISA_USAGE = YES_ERROR;
				CLANG_WARN_EMPTY_BODY = YES;
				CLANG_WARN_ENUM_CONVERSION = YES;
				CLANG_WARN_INT_CONVERSION = YES;
				CLANG_WARN_OBJC_ROOT_CLASS = YES_ERROR;
				CLANG_WARN_UNREACHABLE_CODE = YES;
				CLANG_WARN__DUPLICATE_METHOD_MATCH = YES;
				"CODE_SIGN_IDENTITY[sdk=iphoneos*]" = "iPhone Developer";
				COPY_PHASE_STRIP = YES;
				ENABLE_NS_ASSERTIONS = NO;
				ENABLE_STRICT_OBJC_MSGSEND = YES;
				GCC_C_LANGUAGE_STANDARD = gnu99;
				GCC_WARN_64_TO_32_BIT_CONVERSION = YES;
				GCC_WARN_ABOUT_RETURN_TYPE = YES_ERROR;
				GCC_WARN_UNDECLARED_SELECTOR = YES;
				GCC_WARN_UNINITIALIZED_AUTOS = YES_AGGRESSIVE;
				GCC_WARN_UNUSED_FUNCTION = YES;
				GCC_WARN_UNUSED_VARIABLE = YES;
				IPHONEOS_DEPLOYMENT_TARGET = 8.0;
				MTL_ENABLE_DEBUG_INFO = NO;
				SDKROOT = iphoneos;
				VALIDATE_PRODUCT = YES;
			};
			name = Release;
		};
		84C1C3DB1B4BCF3E00959DF2 /* Debug */ = {
			isa = XCBuildConfiguration;
			buildSettings = {
				ASSETCATALOG_COMPILER_APPICON_NAME = AppIcon;
				INFOPLIST_FILE = VKPhotoViewer/Info.plist;
				LD_RUNPATH_SEARCH_PATHS = "$(inherited) @executable_path/Frameworks";
				PRODUCT_NAME = "$(TARGET_NAME)";
				TARGETED_DEVICE_FAMILY = 1;
			};
			name = Debug;
		};
		84C1C3DC1B4BCF3E00959DF2 /* Release */ = {
			isa = XCBuildConfiguration;
			buildSettings = {
				ASSETCATALOG_COMPILER_APPICON_NAME = AppIcon;
				INFOPLIST_FILE = VKPhotoViewer/Info.plist;
				LD_RUNPATH_SEARCH_PATHS = "$(inherited) @executable_path/Frameworks";
				PRODUCT_NAME = "$(TARGET_NAME)";
				TARGETED_DEVICE_FAMILY = 1;
			};
			name = Release;
		};
		84C1C3DE1B4BCF3E00959DF2 /* Debug */ = {
			isa = XCBuildConfiguration;
			buildSettings = {
				BUNDLE_LOADER = "$(TEST_HOST)";
				FRAMEWORK_SEARCH_PATHS = (
					"$(SDKROOT)/Developer/Library/Frameworks",
					"$(inherited)",
				);
				GCC_PREPROCESSOR_DEFINITIONS = (
					"DEBUG=1",
					"$(inherited)",
				);
				INFOPLIST_FILE = VKPhotoViewerTests/Info.plist;
				LD_RUNPATH_SEARCH_PATHS = "$(inherited) @executable_path/Frameworks @loader_path/Frameworks";
				PRODUCT_NAME = "$(TARGET_NAME)";
				TEST_HOST = "$(BUILT_PRODUCTS_DIR)/VKPhotoViewer.app/VKPhotoViewer";
			};
			name = Debug;
		};
		84C1C3DF1B4BCF3E00959DF2 /* Release */ = {
			isa = XCBuildConfiguration;
			buildSettings = {
				BUNDLE_LOADER = "$(TEST_HOST)";
				FRAMEWORK_SEARCH_PATHS = (
					"$(SDKROOT)/Developer/Library/Frameworks",
					"$(inherited)",
				);
				INFOPLIST_FILE = VKPhotoViewerTests/Info.plist;
				LD_RUNPATH_SEARCH_PATHS = "$(inherited) @executable_path/Frameworks @loader_path/Frameworks";
				PRODUCT_NAME = "$(TARGET_NAME)";
				TEST_HOST = "$(BUILT_PRODUCTS_DIR)/VKPhotoViewer.app/VKPhotoViewer";
			};
			name = Release;
		};
/* End XCBuildConfiguration section */

/* Begin XCConfigurationList section */
		84C1C3B21B4BCF3E00959DF2 /* Build configuration list for PBXProject "VKPhotoViewer" */ = {
			isa = XCConfigurationList;
			buildConfigurations = (
				84C1C3D81B4BCF3E00959DF2 /* Debug */,
				84C1C3D91B4BCF3E00959DF2 /* Release */,
			);
			defaultConfigurationIsVisible = 0;
			defaultConfigurationName = Release;
		};
		84C1C3DA1B4BCF3E00959DF2 /* Build configuration list for PBXNativeTarget "VKPhotoViewer" */ = {
			isa = XCConfigurationList;
			buildConfigurations = (
				84C1C3DB1B4BCF3E00959DF2 /* Debug */,
				84C1C3DC1B4BCF3E00959DF2 /* Release */,
			);
			defaultConfigurationIsVisible = 0;
			defaultConfigurationName = Release;
		};
		84C1C3DD1B4BCF3E00959DF2 /* Build configuration list for PBXNativeTarget "VKPhotoViewerTests" */ = {
			isa = XCConfigurationList;
			buildConfigurations = (
				84C1C3DE1B4BCF3E00959DF2 /* Debug */,
				84C1C3DF1B4BCF3E00959DF2 /* Release */,
			);
			defaultConfigurationIsVisible = 0;
			defaultConfigurationName = Release;
		};
/* End XCConfigurationList section */
	};
	rootObject = 84C1C3AF1B4BCF3E00959DF2 /* Project object */;
}
