// !$*UTF8*$!
{
	archiveVersion = 1;
	classes = {
	};
	objectVersion = 46;
	objects = {

/* Begin PBXBuildFile section */
		84682E541B5EA0A500FDED8D /* EEUserDetailVC.m in Sources */ = {isa = PBXBuildFile; fileRef = 84682E531B5EA0A500FDED8D /* EEUserDetailVC.m */; };
		84734D711B5D103100EB1834 /* EEAppManager.m in Sources */ = {isa = PBXBuildFile; fileRef = 84734D701B5D103100EB1834 /* EEAppManager.m */; };
		8474C2BC1B7B6685008F43BE /* EEPhotoGalleryVC.m in Sources */ = {isa = PBXBuildFile; fileRef = 8474C2BB1B7B6685008F43BE /* EEPhotoGalleryVC.m */; };
		847CBBAB1B61518700E82E4D /* placeholder.png in Resources */ = {isa = PBXBuildFile; fileRef = 847CBBAA1B61518700E82E4D /* placeholder.png */; };
		848124331B7902D3007AD455 /* HNKCache.m in Sources */ = {isa = PBXBuildFile; fileRef = 848124241B7902D3007AD455 /* HNKCache.m */; };
		848124341B7902D3007AD455 /* HNKDiskCache.m in Sources */ = {isa = PBXBuildFile; fileRef = 848124261B7902D3007AD455 /* HNKDiskCache.m */; };
		848124351B7902D3007AD455 /* HNKDiskFetcher.m in Sources */ = {isa = PBXBuildFile; fileRef = 848124281B7902D3007AD455 /* HNKDiskFetcher.m */; };
		848124361B7902D3007AD455 /* HNKNetworkFetcher.m in Sources */ = {isa = PBXBuildFile; fileRef = 8481242A1B7902D3007AD455 /* HNKNetworkFetcher.m */; };
		848124371B7902D3007AD455 /* HNKSimpleFetcher.m in Sources */ = {isa = PBXBuildFile; fileRef = 8481242C1B7902D3007AD455 /* HNKSimpleFetcher.m */; };
		848124381B7902D3007AD455 /* UIButton+Haneke.m in Sources */ = {isa = PBXBuildFile; fileRef = 8481242E1B7902D3007AD455 /* UIButton+Haneke.m */; };
		848124391B7902D3007AD455 /* UIImageView+Haneke.m in Sources */ = {isa = PBXBuildFile; fileRef = 848124301B7902D3007AD455 /* UIImageView+Haneke.m */; };
		8481243A1B7902D3007AD455 /* UIView+Haneke.m in Sources */ = {isa = PBXBuildFile; fileRef = 848124321B7902D3007AD455 /* UIView+Haneke.m */; };
		8482C4321B67CA9B00329D62 /* UserDetailCell.xib in Resources */ = {isa = PBXBuildFile; fileRef = 8482C4311B67CA9B00329D62 /* UserDetailCell.xib */; };
		8482C4351B67CACE00329D62 /* EEUserDetailCell.m in Sources */ = {isa = PBXBuildFile; fileRef = 8482C4341B67CACE00329D62 /* EEUserDetailCell.m */; };
		8485C9D31B6263A700B5ECE5 /* EGOCache.m in Sources */ = {isa = PBXBuildFile; fileRef = 8485C9D21B6263A700B5ECE5 /* EGOCache.m */; };
		8487A54A1B7A292F0026F9BE /* EEPhotoBrowserVC.m in Sources */ = {isa = PBXBuildFile; fileRef = 8487A5491B7A292F0026F9BE /* EEPhotoBrowserVC.m */; };
		8488DF371B6644220026F40C /* UIImage+StackBlur.m in Sources */ = {isa = PBXBuildFile; fileRef = 8488DF361B6644220026F40C /* UIImage+StackBlur.m */; };
		8489803B1B53F8CC00698242 /* EEMainVC.m in Sources */ = {isa = PBXBuildFile; fileRef = 8489803A1B53F8CC00698242 /* EEMainVC.m */; };
		8489803E1B53FE2E00698242 /* EEFriendsListVC.m in Sources */ = {isa = PBXBuildFile; fileRef = 8489803D1B53FE2E00698242 /* EEFriendsListVC.m */; };
		848BEA7B1B7DFAD900174EB2 /* EEGalleryCell.m in Sources */ = {isa = PBXBuildFile; fileRef = 848BEA7A1B7DFAD900174EB2 /* EEGalleryCell.m */; };
		848BEA7D1B7DFDCF00174EB2 /* GalleryCell.xib in Resources */ = {isa = PBXBuildFile; fileRef = 848BEA7C1B7DFDCF00174EB2 /* GalleryCell.xib */; };
		848CD6F41B552A7C00998DA8 /* EEFriends.m in Sources */ = {isa = PBXBuildFile; fileRef = 848CD6F31B552A7C00998DA8 /* EEFriends.m */; };
		848CD6F81B555F7E00998DA8 /* EEResponseBilder.m in Sources */ = {isa = PBXBuildFile; fileRef = 848CD6F71B555F7E00998DA8 /* EEResponseBilder.m */; };
		848CD6FC1B556B8100998DA8 /* EERequests.m in Sources */ = {isa = PBXBuildFile; fileRef = 848CD6FB1B556B8100998DA8 /* EERequests.m */; };
		849F3B8C1B74C150007078F7 /* EEAlbum.m in Sources */ = {isa = PBXBuildFile; fileRef = 849F3B8B1B74C150007078F7 /* EEAlbum.m */; };
		849F3B901B74C9A2007078F7 /* EEAlbumsVC.m in Sources */ = {isa = PBXBuildFile; fileRef = 849F3B8F1B74C9A2007078F7 /* EEAlbumsVC.m */; };
		849F3B931B74D661007078F7 /* AlbumCell.xib in Resources */ = {isa = PBXBuildFile; fileRef = 849F3B921B74D661007078F7 /* AlbumCell.xib */; };
		849F3B961B74D6B3007078F7 /* EEAlbumCell.m in Sources */ = {isa = PBXBuildFile; fileRef = 849F3B951B74D6B3007078F7 /* EEAlbumCell.m */; };
		849F3B9A1B74F6F6007078F7 /* EEPhotosVC.m in Sources */ = {isa = PBXBuildFile; fileRef = 849F3B991B74F6F6007078F7 /* EEPhotosVC.m */; };
		849F3BAA1B750959007078F7 /* EEPhotoCell.m in Sources */ = {isa = PBXBuildFile; fileRef = 849F3BA91B750959007078F7 /* EEPhotoCell.m */; };
		849F3BB11B750DEC007078F7 /* EEPhoto.m in Sources */ = {isa = PBXBuildFile; fileRef = 849F3BB01B750DEC007078F7 /* EEPhoto.m */; };
		84A4A0BD1B57C3E800B7AD38 /* EELoadingCellTableViewCell.m in Sources */ = {isa = PBXBuildFile; fileRef = 84A4A0BC1B57C3E800B7AD38 /* EELoadingCellTableViewCell.m */; };
		84A4A0C01B57C46300B7AD38 /* LoadingCell.xib in Resources */ = {isa = PBXBuildFile; fileRef = 84A4A0BF1B57C46300B7AD38 /* LoadingCell.xib */; };
		84A4A0CB1B57F61800B7AD38 /* EEFriendsListCell.m in Sources */ = {isa = PBXBuildFile; fileRef = 84A4A0CA1B57F61800B7AD38 /* EEFriendsListCell.m */; };
		84A4A0CD1B57F64400B7AD38 /* FriendsListCell.xib in Resources */ = {isa = PBXBuildFile; fileRef = 84A4A0CC1B57F64400B7AD38 /* FriendsListCell.xib */; };
		84BABF161B593DF7003F3057 /* AFHTTPRequestOperation.m in Sources */ = {isa = PBXBuildFile; fileRef = 84BABF041B593DF7003F3057 /* AFHTTPRequestOperation.m */; };
		84BABF171B593DF7003F3057 /* AFHTTPRequestOperationManager.m in Sources */ = {isa = PBXBuildFile; fileRef = 84BABF061B593DF7003F3057 /* AFHTTPRequestOperationManager.m */; };
		84BABF181B593DF7003F3057 /* AFHTTPSessionManager.m in Sources */ = {isa = PBXBuildFile; fileRef = 84BABF081B593DF7003F3057 /* AFHTTPSessionManager.m */; };
		84BABF191B593DF7003F3057 /* AFNetworkReachabilityManager.m in Sources */ = {isa = PBXBuildFile; fileRef = 84BABF0B1B593DF7003F3057 /* AFNetworkReachabilityManager.m */; };
		84BABF1A1B593DF7003F3057 /* AFSecurityPolicy.m in Sources */ = {isa = PBXBuildFile; fileRef = 84BABF0D1B593DF7003F3057 /* AFSecurityPolicy.m */; };
		84BABF1B1B593DF7003F3057 /* AFURLConnectionOperation.m in Sources */ = {isa = PBXBuildFile; fileRef = 84BABF0F1B593DF7003F3057 /* AFURLConnectionOperation.m */; };
		84BABF1C1B593DF7003F3057 /* AFURLRequestSerialization.m in Sources */ = {isa = PBXBuildFile; fileRef = 84BABF111B593DF7003F3057 /* AFURLRequestSerialization.m */; };
		84BABF1D1B593DF7003F3057 /* AFURLResponseSerialization.m in Sources */ = {isa = PBXBuildFile; fileRef = 84BABF131B593DF7003F3057 /* AFURLResponseSerialization.m */; };
		84BABF1E1B593DF7003F3057 /* AFURLSessionManager.m in Sources */ = {isa = PBXBuildFile; fileRef = 84BABF151B593DF7003F3057 /* AFURLSessionManager.m */; };
		84C1C3BD1B4BCF3E00959DF2 /* main.m in Sources */ = {isa = PBXBuildFile; fileRef = 84C1C3BC1B4BCF3E00959DF2 /* main.m */; };
		84C1C3C01B4BCF3E00959DF2 /* AppDelegate.m in Sources */ = {isa = PBXBuildFile; fileRef = 84C1C3BF1B4BCF3E00959DF2 /* AppDelegate.m */; };
		84C1C3C61B4BCF3E00959DF2 /* Main.storyboard in Resources */ = {isa = PBXBuildFile; fileRef = 84C1C3C41B4BCF3E00959DF2 /* Main.storyboard */; };
		84C1C3C81B4BCF3E00959DF2 /* Images.xcassets in Resources */ = {isa = PBXBuildFile; fileRef = 84C1C3C71B4BCF3E00959DF2 /* Images.xcassets */; };
		84C1C3CB1B4BCF3E00959DF2 /* LaunchScreen.xib in Resources */ = {isa = PBXBuildFile; fileRef = 84C1C3C91B4BCF3E00959DF2 /* LaunchScreen.xib */; };
		84C1C3D71B4BCF3E00959DF2 /* VKPhotoViewerTests.m in Sources */ = {isa = PBXBuildFile; fileRef = 84C1C3D61B4BCF3E00959DF2 /* VKPhotoViewerTests.m */; };
		84C3C37C1B4C03CC00E62F6D /* EEVkLoginVC.m in Sources */ = {isa = PBXBuildFile; fileRef = 84C3C37B1B4C03CC00E62F6D /* EEVkLoginVC.m */; };
/* End PBXBuildFile section */

/* Begin PBXContainerItemProxy section */
		84C1C3D11B4BCF3E00959DF2 /* PBXContainerItemProxy */ = {
			isa = PBXContainerItemProxy;
			containerPortal = 84C1C3AF1B4BCF3E00959DF2 /* Project object */;
			proxyType = 1;
			remoteGlobalIDString = 84C1C3B61B4BCF3E00959DF2;
			remoteInfo = VKPhotoViewer;
		};
/* End PBXContainerItemProxy section */

/* Begin PBXFileReference section */
		84682E521B5EA0A500FDED8D /* EEUserDetailVC.h */ = {isa = PBXFileReference; fileEncoding = 4; lastKnownFileType = sourcecode.c.h; name = EEUserDetailVC.h; path = UserDetail/EEUserDetailVC.h; sourceTree = "<group>"; };
		84682E531B5EA0A500FDED8D /* EEUserDetailVC.m */ = {isa = PBXFileReference; fileEncoding = 4; lastKnownFileType = sourcecode.c.objc; name = EEUserDetailVC.m; path = UserDetail/EEUserDetailVC.m; sourceTree = "<group>"; };
		84734D6F1B5D103100EB1834 /* EEAppManager.h */ = {isa = PBXFileReference; fileEncoding = 4; lastKnownFileType = sourcecode.c.h; name = EEAppManager.h; path = AppManager/EEAppManager.h; sourceTree = "<group>"; };
		84734D701B5D103100EB1834 /* EEAppManager.m */ = {isa = PBXFileReference; fileEncoding = 4; lastKnownFileType = sourcecode.c.objc; name = EEAppManager.m; path = AppManager/EEAppManager.m; sourceTree = "<group>"; };
		8474C2BA1B7B6685008F43BE /* EEPhotoGalleryVC.h */ = {isa = PBXFileReference; fileEncoding = 4; lastKnownFileType = sourcecode.c.h; name = EEPhotoGalleryVC.h; path = PhotoGalleryVC/EEPhotoGalleryVC.h; sourceTree = "<group>"; };
		8474C2BB1B7B6685008F43BE /* EEPhotoGalleryVC.m */ = {isa = PBXFileReference; fileEncoding = 4; lastKnownFileType = sourcecode.c.objc; name = EEPhotoGalleryVC.m; path = PhotoGalleryVC/EEPhotoGalleryVC.m; sourceTree = "<group>"; };
		847CBBAA1B61518700E82E4D /* placeholder.png */ = {isa = PBXFileReference; lastKnownFileType = image.png; path = placeholder.png; sourceTree = "<group>"; };
		848124221B7902D3007AD455 /* Haneke.h */ = {isa = PBXFileReference; fileEncoding = 4; lastKnownFileType = sourcecode.c.h; path = Haneke.h; sourceTree = "<group>"; };
		848124231B7902D3007AD455 /* HNKCache.h */ = {isa = PBXFileReference; fileEncoding = 4; lastKnownFileType = sourcecode.c.h; path = HNKCache.h; sourceTree = "<group>"; };
		848124241B7902D3007AD455 /* HNKCache.m */ = {isa = PBXFileReference; fileEncoding = 4; lastKnownFileType = sourcecode.c.objc; path = HNKCache.m; sourceTree = "<group>"; };
		848124251B7902D3007AD455 /* HNKDiskCache.h */ = {isa = PBXFileReference; fileEncoding = 4; lastKnownFileType = sourcecode.c.h; path = HNKDiskCache.h; sourceTree = "<group>"; };
		848124261B7902D3007AD455 /* HNKDiskCache.m */ = {isa = PBXFileReference; fileEncoding = 4; lastKnownFileType = sourcecode.c.objc; path = HNKDiskCache.m; sourceTree = "<group>"; };
		848124271B7902D3007AD455 /* HNKDiskFetcher.h */ = {isa = PBXFileReference; fileEncoding = 4; lastKnownFileType = sourcecode.c.h; path = HNKDiskFetcher.h; sourceTree = "<group>"; };
		848124281B7902D3007AD455 /* HNKDiskFetcher.m */ = {isa = PBXFileReference; fileEncoding = 4; lastKnownFileType = sourcecode.c.objc; path = HNKDiskFetcher.m; sourceTree = "<group>"; };
		848124291B7902D3007AD455 /* HNKNetworkFetcher.h */ = {isa = PBXFileReference; fileEncoding = 4; lastKnownFileType = sourcecode.c.h; path = HNKNetworkFetcher.h; sourceTree = "<group>"; };
		8481242A1B7902D3007AD455 /* HNKNetworkFetcher.m */ = {isa = PBXFileReference; fileEncoding = 4; lastKnownFileType = sourcecode.c.objc; path = HNKNetworkFetcher.m; sourceTree = "<group>"; };
		8481242B1B7902D3007AD455 /* HNKSimpleFetcher.h */ = {isa = PBXFileReference; fileEncoding = 4; lastKnownFileType = sourcecode.c.h; path = HNKSimpleFetcher.h; sourceTree = "<group>"; };
		8481242C1B7902D3007AD455 /* HNKSimpleFetcher.m */ = {isa = PBXFileReference; fileEncoding = 4; lastKnownFileType = sourcecode.c.objc; path = HNKSimpleFetcher.m; sourceTree = "<group>"; };
		8481242D1B7902D3007AD455 /* UIButton+Haneke.h */ = {isa = PBXFileReference; fileEncoding = 4; lastKnownFileType = sourcecode.c.h; path = "UIButton+Haneke.h"; sourceTree = "<group>"; };
		8481242E1B7902D3007AD455 /* UIButton+Haneke.m */ = {isa = PBXFileReference; fileEncoding = 4; lastKnownFileType = sourcecode.c.objc; path = "UIButton+Haneke.m"; sourceTree = "<group>"; };
		8481242F1B7902D3007AD455 /* UIImageView+Haneke.h */ = {isa = PBXFileReference; fileEncoding = 4; lastKnownFileType = sourcecode.c.h; path = "UIImageView+Haneke.h"; sourceTree = "<group>"; };
		848124301B7902D3007AD455 /* UIImageView+Haneke.m */ = {isa = PBXFileReference; fileEncoding = 4; lastKnownFileType = sourcecode.c.objc; path = "UIImageView+Haneke.m"; sourceTree = "<group>"; };
		848124311B7902D3007AD455 /* UIView+Haneke.h */ = {isa = PBXFileReference; fileEncoding = 4; lastKnownFileType = sourcecode.c.h; path = "UIView+Haneke.h"; sourceTree = "<group>"; };
		848124321B7902D3007AD455 /* UIView+Haneke.m */ = {isa = PBXFileReference; fileEncoding = 4; lastKnownFileType = sourcecode.c.objc; path = "UIView+Haneke.m"; sourceTree = "<group>"; };
		8482C4311B67CA9B00329D62 /* UserDetailCell.xib */ = {isa = PBXFileReference; fileEncoding = 4; lastKnownFileType = file.xib; name = UserDetailCell.xib; path = UserDetailCell/UserDetailCell.xib; sourceTree = "<group>"; };
		8482C4331B67CACE00329D62 /* EEUserDetailCell.h */ = {isa = PBXFileReference; fileEncoding = 4; lastKnownFileType = sourcecode.c.h; name = EEUserDetailCell.h; path = UserDetailCell/EEUserDetailCell.h; sourceTree = "<group>"; };
		8482C4341B67CACE00329D62 /* EEUserDetailCell.m */ = {isa = PBXFileReference; fileEncoding = 4; lastKnownFileType = sourcecode.c.objc; name = EEUserDetailCell.m; path = UserDetailCell/EEUserDetailCell.m; sourceTree = "<group>"; };
		8485C9D11B6263A700B5ECE5 /* EGOCache.h */ = {isa = PBXFileReference; fileEncoding = 4; lastKnownFileType = sourcecode.c.h; name = EGOCache.h; path = EGOCache/EGOCache.h; sourceTree = "<group>"; };
		8485C9D21B6263A700B5ECE5 /* EGOCache.m */ = {isa = PBXFileReference; fileEncoding = 4; lastKnownFileType = sourcecode.c.objc; name = EGOCache.m; path = EGOCache/EGOCache.m; sourceTree = "<group>"; };
		8487A5481B7A292F0026F9BE /* EEPhotoBrowserVC.h */ = {isa = PBXFileReference; fileEncoding = 4; lastKnownFileType = sourcecode.c.h; name = EEPhotoBrowserVC.h; path = PhotoBrowserVC/EEPhotoBrowserVC.h; sourceTree = "<group>"; };
		8487A5491B7A292F0026F9BE /* EEPhotoBrowserVC.m */ = {isa = PBXFileReference; fileEncoding = 4; lastKnownFileType = sourcecode.c.objc; name = EEPhotoBrowserVC.m; path = PhotoBrowserVC/EEPhotoBrowserVC.m; sourceTree = "<group>"; };
		8488DF351B6644220026F40C /* UIImage+StackBlur.h */ = {isa = PBXFileReference; fileEncoding = 4; lastKnownFileType = sourcecode.c.h; name = "UIImage+StackBlur.h"; path = "StackBluri/UIImage+StackBlur.h"; sourceTree = "<group>"; };
		8488DF361B6644220026F40C /* UIImage+StackBlur.m */ = {isa = PBXFileReference; fileEncoding = 4; lastKnownFileType = sourcecode.c.objc; name = "UIImage+StackBlur.m"; path = "StackBluri/UIImage+StackBlur.m"; sourceTree = "<group>"; };
		848980391B53F8CC00698242 /* EEMainVC.h */ = {isa = PBXFileReference; fileEncoding = 4; lastKnownFileType = sourcecode.c.h; path = EEMainVC.h; sourceTree = "<group>"; };
		8489803A1B53F8CC00698242 /* EEMainVC.m */ = {isa = PBXFileReference; fileEncoding = 4; lastKnownFileType = sourcecode.c.objc; path = EEMainVC.m; sourceTree = "<group>"; };
		8489803C1B53FE2E00698242 /* EEFriendsListVC.h */ = {isa = PBXFileReference; fileEncoding = 4; lastKnownFileType = sourcecode.c.h; name = EEFriendsListVC.h; path = FriendsList/EEFriendsListVC.h; sourceTree = "<group>"; };
		8489803D1B53FE2E00698242 /* EEFriendsListVC.m */ = {isa = PBXFileReference; fileEncoding = 4; lastKnownFileType = sourcecode.c.objc; name = EEFriendsListVC.m; path = FriendsList/EEFriendsListVC.m; sourceTree = "<group>"; };
		848BEA791B7DFAD900174EB2 /* EEGalleryCell.h */ = {isa = PBXFileReference; fileEncoding = 4; lastKnownFileType = sourcecode.c.h; name = EEGalleryCell.h; path = GalleryCell/EEGalleryCell.h; sourceTree = "<group>"; };
		848BEA7A1B7DFAD900174EB2 /* EEGalleryCell.m */ = {isa = PBXFileReference; fileEncoding = 4; lastKnownFileType = sourcecode.c.objc; name = EEGalleryCell.m; path = GalleryCell/EEGalleryCell.m; sourceTree = "<group>"; };
		848BEA7C1B7DFDCF00174EB2 /* GalleryCell.xib */ = {isa = PBXFileReference; fileEncoding = 4; lastKnownFileType = file.xib; name = GalleryCell.xib; path = GalleryCell/GalleryCell.xib; sourceTree = "<group>"; };
		848CD6F21B552A7C00998DA8 /* EEFriends.h */ = {isa = PBXFileReference; fileEncoding = 4; lastKnownFileType = sourcecode.c.h; name = EEFriends.h; path = FriendsList/EEFriends.h; sourceTree = "<group>"; };
		848CD6F31B552A7C00998DA8 /* EEFriends.m */ = {isa = PBXFileReference; fileEncoding = 4; lastKnownFileType = sourcecode.c.objc; name = EEFriends.m; path = FriendsList/EEFriends.m; sourceTree = "<group>"; };
		848CD6F61B555F7E00998DA8 /* EEResponseBilder.h */ = {isa = PBXFileReference; fileEncoding = 4; lastKnownFileType = sourcecode.c.h; name = EEResponseBilder.h; path = ResponseBilder/EEResponseBilder.h; sourceTree = "<group>"; };
		848CD6F71B555F7E00998DA8 /* EEResponseBilder.m */ = {isa = PBXFileReference; fileEncoding = 4; lastKnownFileType = sourcecode.c.objc; name = EEResponseBilder.m; path = ResponseBilder/EEResponseBilder.m; sourceTree = "<group>"; };
		848CD6FA1B556B8100998DA8 /* EERequests.h */ = {isa = PBXFileReference; fileEncoding = 4; lastKnownFileType = sourcecode.c.h; name = EERequests.h; path = Requests/EERequests.h; sourceTree = "<group>"; };
		848CD6FB1B556B8100998DA8 /* EERequests.m */ = {isa = PBXFileReference; fileEncoding = 4; lastKnownFileType = sourcecode.c.objc; name = EERequests.m; path = Requests/EERequests.m; sourceTree = "<group>"; };
		849F3B8A1B74C150007078F7 /* EEAlbum.h */ = {isa = PBXFileReference; fileEncoding = 4; lastKnownFileType = sourcecode.c.h; name = EEAlbum.h; path = Album/EEAlbum.h; sourceTree = "<group>"; };
		849F3B8B1B74C150007078F7 /* EEAlbum.m */ = {isa = PBXFileReference; fileEncoding = 4; lastKnownFileType = sourcecode.c.objc; name = EEAlbum.m; path = Album/EEAlbum.m; sourceTree = "<group>"; };
		849F3B8E1B74C9A2007078F7 /* EEAlbumsVC.h */ = {isa = PBXFileReference; fileEncoding = 4; lastKnownFileType = sourcecode.c.h; name = EEAlbumsVC.h; path = AlbumVC/EEAlbumsVC.h; sourceTree = "<group>"; };
		849F3B8F1B74C9A2007078F7 /* EEAlbumsVC.m */ = {isa = PBXFileReference; fileEncoding = 4; lastKnownFileType = sourcecode.c.objc; name = EEAlbumsVC.m; path = AlbumVC/EEAlbumsVC.m; sourceTree = "<group>"; };
		849F3B921B74D661007078F7 /* AlbumCell.xib */ = {isa = PBXFileReference; fileEncoding = 4; lastKnownFileType = file.xib; path = AlbumCell.xib; sourceTree = "<group>"; };
		849F3B941B74D6B3007078F7 /* EEAlbumCell.h */ = {isa = PBXFileReference; fileEncoding = 4; lastKnownFileType = sourcecode.c.h; name = EEAlbumCell.h; path = AlbumCell/EEAlbumCell.h; sourceTree = "<group>"; };
		849F3B951B74D6B3007078F7 /* EEAlbumCell.m */ = {isa = PBXFileReference; fileEncoding = 4; lastKnownFileType = sourcecode.c.objc; name = EEAlbumCell.m; path = AlbumCell/EEAlbumCell.m; sourceTree = "<group>"; };
		849F3B981B74F6F6007078F7 /* EEPhotosVC.h */ = {isa = PBXFileReference; fileEncoding = 4; lastKnownFileType = sourcecode.c.h; name = EEPhotosVC.h; path = PhotosVC/EEPhotosVC.h; sourceTree = "<group>"; };
		849F3B991B74F6F6007078F7 /* EEPhotosVC.m */ = {isa = PBXFileReference; fileEncoding = 4; lastKnownFileType = sourcecode.c.objc; name = EEPhotosVC.m; path = PhotosVC/EEPhotosVC.m; sourceTree = "<group>"; };
		849F3BA81B750959007078F7 /* EEPhotoCell.h */ = {isa = PBXFileReference; fileEncoding = 4; lastKnownFileType = sourcecode.c.h; name = EEPhotoCell.h; path = PhotoCell/EEPhotoCell.h; sourceTree = "<group>"; };
		849F3BA91B750959007078F7 /* EEPhotoCell.m */ = {isa = PBXFileReference; fileEncoding = 4; lastKnownFileType = sourcecode.c.objc; name = EEPhotoCell.m; path = PhotoCell/EEPhotoCell.m; sourceTree = "<group>"; };
		849F3BAF1B750DEC007078F7 /* EEPhoto.h */ = {isa = PBXFileReference; fileEncoding = 4; lastKnownFileType = sourcecode.c.h; name = EEPhoto.h; path = Photo/EEPhoto.h; sourceTree = "<group>"; };
		849F3BB01B750DEC007078F7 /* EEPhoto.m */ = {isa = PBXFileReference; fileEncoding = 4; lastKnownFileType = sourcecode.c.objc; name = EEPhoto.m; path = Photo/EEPhoto.m; sourceTree = "<group>"; };
		84A4A0BB1B57C3E800B7AD38 /* EELoadingCellTableViewCell.h */ = {isa = PBXFileReference; fileEncoding = 4; lastKnownFileType = sourcecode.c.h; name = EELoadingCellTableViewCell.h; path = LoadingCell/EELoadingCellTableViewCell.h; sourceTree = "<group>"; };
		84A4A0BC1B57C3E800B7AD38 /* EELoadingCellTableViewCell.m */ = {isa = PBXFileReference; fileEncoding = 4; lastKnownFileType = sourcecode.c.objc; name = EELoadingCellTableViewCell.m; path = LoadingCell/EELoadingCellTableViewCell.m; sourceTree = "<group>"; };
		84A4A0BF1B57C46300B7AD38 /* LoadingCell.xib */ = {isa = PBXFileReference; fileEncoding = 4; lastKnownFileType = file.xib; name = LoadingCell.xib; path = LoadingCell/LoadingCell.xib; sourceTree = "<group>"; };
		84A4A0C91B57F61800B7AD38 /* EEFriendsListCell.h */ = {isa = PBXFileReference; fileEncoding = 4; lastKnownFileType = sourcecode.c.h; name = EEFriendsListCell.h; path = FriendsListCell/EEFriendsListCell.h; sourceTree = "<group>"; };
		84A4A0CA1B57F61800B7AD38 /* EEFriendsListCell.m */ = {isa = PBXFileReference; fileEncoding = 4; lastKnownFileType = sourcecode.c.objc; name = EEFriendsListCell.m; path = FriendsListCell/EEFriendsListCell.m; sourceTree = "<group>"; };
		84A4A0CC1B57F64400B7AD38 /* FriendsListCell.xib */ = {isa = PBXFileReference; fileEncoding = 4; lastKnownFileType = file.xib; name = FriendsListCell.xib; path = FriendsListCell/FriendsListCell.xib; sourceTree = "<group>"; };
		84BABF031B593DF7003F3057 /* AFHTTPRequestOperation.h */ = {isa = PBXFileReference; fileEncoding = 4; lastKnownFileType = sourcecode.c.h; name = AFHTTPRequestOperation.h; path = AFNetworking/AFHTTPRequestOperation.h; sourceTree = "<group>"; };
		84BABF041B593DF7003F3057 /* AFHTTPRequestOperation.m */ = {isa = PBXFileReference; fileEncoding = 4; lastKnownFileType = sourcecode.c.objc; name = AFHTTPRequestOperation.m; path = AFNetworking/AFHTTPRequestOperation.m; sourceTree = "<group>"; };
		84BABF051B593DF7003F3057 /* AFHTTPRequestOperationManager.h */ = {isa = PBXFileReference; fileEncoding = 4; lastKnownFileType = sourcecode.c.h; name = AFHTTPRequestOperationManager.h; path = AFNetworking/AFHTTPRequestOperationManager.h; sourceTree = "<group>"; };
		84BABF061B593DF7003F3057 /* AFHTTPRequestOperationManager.m */ = {isa = PBXFileReference; fileEncoding = 4; lastKnownFileType = sourcecode.c.objc; name = AFHTTPRequestOperationManager.m; path = AFNetworking/AFHTTPRequestOperationManager.m; sourceTree = "<group>"; };
		84BABF071B593DF7003F3057 /* AFHTTPSessionManager.h */ = {isa = PBXFileReference; fileEncoding = 4; lastKnownFileType = sourcecode.c.h; name = AFHTTPSessionManager.h; path = AFNetworking/AFHTTPSessionManager.h; sourceTree = "<group>"; };
		84BABF081B593DF7003F3057 /* AFHTTPSessionManager.m */ = {isa = PBXFileReference; fileEncoding = 4; lastKnownFileType = sourcecode.c.objc; name = AFHTTPSessionManager.m; path = AFNetworking/AFHTTPSessionManager.m; sourceTree = "<group>"; };
		84BABF091B593DF7003F3057 /* AFNetworking.h */ = {isa = PBXFileReference; fileEncoding = 4; lastKnownFileType = sourcecode.c.h; name = AFNetworking.h; path = AFNetworking/AFNetworking.h; sourceTree = "<group>"; };
		84BABF0A1B593DF7003F3057 /* AFNetworkReachabilityManager.h */ = {isa = PBXFileReference; fileEncoding = 4; lastKnownFileType = sourcecode.c.h; name = AFNetworkReachabilityManager.h; path = AFNetworking/AFNetworkReachabilityManager.h; sourceTree = "<group>"; };
		84BABF0B1B593DF7003F3057 /* AFNetworkReachabilityManager.m */ = {isa = PBXFileReference; fileEncoding = 4; lastKnownFileType = sourcecode.c.objc; name = AFNetworkReachabilityManager.m; path = AFNetworking/AFNetworkReachabilityManager.m; sourceTree = "<group>"; };
		84BABF0C1B593DF7003F3057 /* AFSecurityPolicy.h */ = {isa = PBXFileReference; fileEncoding = 4; lastKnownFileType = sourcecode.c.h; name = AFSecurityPolicy.h; path = AFNetworking/AFSecurityPolicy.h; sourceTree = "<group>"; };
		84BABF0D1B593DF7003F3057 /* AFSecurityPolicy.m */ = {isa = PBXFileReference; fileEncoding = 4; lastKnownFileType = sourcecode.c.objc; name = AFSecurityPolicy.m; path = AFNetworking/AFSecurityPolicy.m; sourceTree = "<group>"; };
		84BABF0E1B593DF7003F3057 /* AFURLConnectionOperation.h */ = {isa = PBXFileReference; fileEncoding = 4; lastKnownFileType = sourcecode.c.h; name = AFURLConnectionOperation.h; path = AFNetworking/AFURLConnectionOperation.h; sourceTree = "<group>"; };
		84BABF0F1B593DF7003F3057 /* AFURLConnectionOperation.m */ = {isa = PBXFileReference; fileEncoding = 4; lastKnownFileType = sourcecode.c.objc; name = AFURLConnectionOperation.m; path = AFNetworking/AFURLConnectionOperation.m; sourceTree = "<group>"; };
		84BABF101B593DF7003F3057 /* AFURLRequestSerialization.h */ = {isa = PBXFileReference; fileEncoding = 4; lastKnownFileType = sourcecode.c.h; name = AFURLRequestSerialization.h; path = AFNetworking/AFURLRequestSerialization.h; sourceTree = "<group>"; };
		84BABF111B593DF7003F3057 /* AFURLRequestSerialization.m */ = {isa = PBXFileReference; fileEncoding = 4; lastKnownFileType = sourcecode.c.objc; name = AFURLRequestSerialization.m; path = AFNetworking/AFURLRequestSerialization.m; sourceTree = "<group>"; };
		84BABF121B593DF7003F3057 /* AFURLResponseSerialization.h */ = {isa = PBXFileReference; fileEncoding = 4; lastKnownFileType = sourcecode.c.h; name = AFURLResponseSerialization.h; path = AFNetworking/AFURLResponseSerialization.h; sourceTree = "<group>"; };
		84BABF131B593DF7003F3057 /* AFURLResponseSerialization.m */ = {isa = PBXFileReference; fileEncoding = 4; lastKnownFileType = sourcecode.c.objc; name = AFURLResponseSerialization.m; path = AFNetworking/AFURLResponseSerialization.m; sourceTree = "<group>"; };
		84BABF141B593DF7003F3057 /* AFURLSessionManager.h */ = {isa = PBXFileReference; fileEncoding = 4; lastKnownFileType = sourcecode.c.h; name = AFURLSessionManager.h; path = AFNetworking/AFURLSessionManager.h; sourceTree = "<group>"; };
		84BABF151B593DF7003F3057 /* AFURLSessionManager.m */ = {isa = PBXFileReference; fileEncoding = 4; lastKnownFileType = sourcecode.c.objc; name = AFURLSessionManager.m; path = AFNetworking/AFURLSessionManager.m; sourceTree = "<group>"; };
		84C1A41A1B4BD3F700D5F5C0 /* Constants.h */ = {isa = PBXFileReference; lastKnownFileType = sourcecode.c.h; path = Constants.h; sourceTree = "<group>"; };
		84C1C3B71B4BCF3E00959DF2 /* VKPhotoViewer.app */ = {isa = PBXFileReference; explicitFileType = wrapper.application; includeInIndex = 0; path = VKPhotoViewer.app; sourceTree = BUILT_PRODUCTS_DIR; };
		84C1C3BB1B4BCF3E00959DF2 /* Info.plist */ = {isa = PBXFileReference; lastKnownFileType = text.plist.xml; path = Info.plist; sourceTree = "<group>"; };
		84C1C3BC1B4BCF3E00959DF2 /* main.m */ = {isa = PBXFileReference; lastKnownFileType = sourcecode.c.objc; path = main.m; sourceTree = "<group>"; };
		84C1C3BE1B4BCF3E00959DF2 /* AppDelegate.h */ = {isa = PBXFileReference; lastKnownFileType = sourcecode.c.h; path = AppDelegate.h; sourceTree = "<group>"; };
		84C1C3BF1B4BCF3E00959DF2 /* AppDelegate.m */ = {isa = PBXFileReference; lastKnownFileType = sourcecode.c.objc; path = AppDelegate.m; sourceTree = "<group>"; };
		84C1C3C51B4BCF3E00959DF2 /* Base */ = {isa = PBXFileReference; lastKnownFileType = file.storyboard; name = Base; path = Base.lproj/Main.storyboard; sourceTree = "<group>"; };
		84C1C3C71B4BCF3E00959DF2 /* Images.xcassets */ = {isa = PBXFileReference; lastKnownFileType = folder.assetcatalog; path = Images.xcassets; sourceTree = "<group>"; };
		84C1C3CA1B4BCF3E00959DF2 /* Base */ = {isa = PBXFileReference; lastKnownFileType = file.xib; name = Base; path = Base.lproj/LaunchScreen.xib; sourceTree = "<group>"; };
		84C1C3D01B4BCF3E00959DF2 /* VKPhotoViewerTests.xctest */ = {isa = PBXFileReference; explicitFileType = wrapper.cfbundle; includeInIndex = 0; path = VKPhotoViewerTests.xctest; sourceTree = BUILT_PRODUCTS_DIR; };
		84C1C3D51B4BCF3E00959DF2 /* Info.plist */ = {isa = PBXFileReference; lastKnownFileType = text.plist.xml; path = Info.plist; sourceTree = "<group>"; };
		84C1C3D61B4BCF3E00959DF2 /* VKPhotoViewerTests.m */ = {isa = PBXFileReference; lastKnownFileType = sourcecode.c.objc; path = VKPhotoViewerTests.m; sourceTree = "<group>"; };
		84C3C37A1B4C03CC00E62F6D /* EEVkLoginVC.h */ = {isa = PBXFileReference; fileEncoding = 4; lastKnownFileType = sourcecode.c.h; path = EEVkLoginVC.h; sourceTree = "<group>"; };
		84C3C37B1B4C03CC00E62F6D /* EEVkLoginVC.m */ = {isa = PBXFileReference; fileEncoding = 4; lastKnownFileType = sourcecode.c.objc; path = EEVkLoginVC.m; sourceTree = "<group>"; };
/* End PBXFileReference section */

/* Begin PBXFrameworksBuildPhase section */
		84C1C3B41B4BCF3E00959DF2 /* Frameworks */ = {
			isa = PBXFrameworksBuildPhase;
			buildActionMask = 2147483647;
			files = (
			);
			runOnlyForDeploymentPostprocessing = 0;
		};
		84C1C3CD1B4BCF3E00959DF2 /* Frameworks */ = {
			isa = PBXFrameworksBuildPhase;
			buildActionMask = 2147483647;
			files = (
			);
			runOnlyForDeploymentPostprocessing = 0;
		};
/* End PBXFrameworksBuildPhase section */

/* Begin PBXGroup section */
		84682E511B5EA06800FDED8D /* UserDetailVC */ = {
			isa = PBXGroup;
			children = (
				84682E521B5EA0A500FDED8D /* EEUserDetailVC.h */,
				84682E531B5EA0A500FDED8D /* EEUserDetailVC.m */,
			);
			name = UserDetailVC;
			sourceTree = "<group>";
		};
		84734D6E1B5D100800EB1834 /* AppManager */ = {
			isa = PBXGroup;
			children = (
				84734D6F1B5D103100EB1834 /* EEAppManager.h */,
				84734D701B5D103100EB1834 /* EEAppManager.m */,
			);
			name = AppManager;
			sourceTree = "<group>";
		};
		8474C2B91B7B6630008F43BE /* PhotoGalleryVC */ = {
			isa = PBXGroup;
			children = (
				8474C2BA1B7B6685008F43BE /* EEPhotoGalleryVC.h */,
				8474C2BB1B7B6685008F43BE /* EEPhotoGalleryVC.m */,
			);
			name = PhotoGalleryVC;
			sourceTree = "<group>";
		};
		848124211B7902D3007AD455 /* Haneke */ = {
			isa = PBXGroup;
			children = (
				848124221B7902D3007AD455 /* Haneke.h */,
				848124231B7902D3007AD455 /* HNKCache.h */,
				848124241B7902D3007AD455 /* HNKCache.m */,
				848124251B7902D3007AD455 /* HNKDiskCache.h */,
				848124261B7902D3007AD455 /* HNKDiskCache.m */,
				848124271B7902D3007AD455 /* HNKDiskFetcher.h */,
				848124281B7902D3007AD455 /* HNKDiskFetcher.m */,
				848124291B7902D3007AD455 /* HNKNetworkFetcher.h */,
				8481242A1B7902D3007AD455 /* HNKNetworkFetcher.m */,
				8481242B1B7902D3007AD455 /* HNKSimpleFetcher.h */,
				8481242C1B7902D3007AD455 /* HNKSimpleFetcher.m */,
				8481242D1B7902D3007AD455 /* UIButton+Haneke.h */,
				8481242E1B7902D3007AD455 /* UIButton+Haneke.m */,
				8481242F1B7902D3007AD455 /* UIImageView+Haneke.h */,
				848124301B7902D3007AD455 /* UIImageView+Haneke.m */,
				848124311B7902D3007AD455 /* UIView+Haneke.h */,
				848124321B7902D3007AD455 /* UIView+Haneke.m */,
			);
			path = Haneke;
			sourceTree = "<group>";
		};
		8482C4301B67CA3400329D62 /* UserDatailCell */ = {
			isa = PBXGroup;
			children = (
				8482C4311B67CA9B00329D62 /* UserDetailCell.xib */,
				8482C4331B67CACE00329D62 /* EEUserDetailCell.h */,
				8482C4341B67CACE00329D62 /* EEUserDetailCell.m */,
			);
			name = UserDatailCell;
			sourceTree = "<group>";
		};
		8485C9D01B62638B00B5ECE5 /* EGOCache */ = {
			isa = PBXGroup;
			children = (
				8485C9D11B6263A700B5ECE5 /* EGOCache.h */,
				8485C9D21B6263A700B5ECE5 /* EGOCache.m */,
			);
			name = EGOCache;
			sourceTree = "<group>";
		};
		8487A5471B7A28DE0026F9BE /* PhotoBrowserVC */ = {
			isa = PBXGroup;
			children = (
				8487A5481B7A292F0026F9BE /* EEPhotoBrowserVC.h */,
				8487A5491B7A292F0026F9BE /* EEPhotoBrowserVC.m */,
			);
			name = PhotoBrowserVC;
			sourceTree = "<group>";
		};
		8488DF341B6643FC0026F40C /* StackBluri */ = {
			isa = PBXGroup;
			children = (
				8488DF351B6644220026F40C /* UIImage+StackBlur.h */,
				8488DF361B6644220026F40C /* UIImage+StackBlur.m */,
			);
			name = StackBluri;
			sourceTree = "<group>";
		};
		848BEA781B7DFA8E00174EB2 /* GalleryCell */ = {
			isa = PBXGroup;
			children = (
				848BEA791B7DFAD900174EB2 /* EEGalleryCell.h */,
				848BEA7A1B7DFAD900174EB2 /* EEGalleryCell.m */,
				848BEA7C1B7DFDCF00174EB2 /* GalleryCell.xib */,
			);
			name = GalleryCell;
			sourceTree = "<group>";
		};
		848CD6F51B555F0300998DA8 /* ResponseBilder */ = {
			isa = PBXGroup;
			children = (
				848CD6F61B555F7E00998DA8 /* EEResponseBilder.h */,
				848CD6F71B555F7E00998DA8 /* EEResponseBilder.m */,
			);
			name = ResponseBilder;
			sourceTree = "<group>";
		};
		848CD6F91B556B3200998DA8 /* Requests */ = {
			isa = PBXGroup;
			children = (
				848CD6FA1B556B8100998DA8 /* EERequests.h */,
				848CD6FB1B556B8100998DA8 /* EERequests.m */,
			);
			name = Requests;
			sourceTree = "<group>";
		};
		849F3B891B74C10E007078F7 /* Album */ = {
			isa = PBXGroup;
			children = (
				849F3B8A1B74C150007078F7 /* EEAlbum.h */,
				849F3B8B1B74C150007078F7 /* EEAlbum.m */,
			);
			name = Album;
			sourceTree = "<group>";
		};
		849F3B8D1B74C958007078F7 /* AlbumVC */ = {
			isa = PBXGroup;
			children = (
				849F3B8E1B74C9A2007078F7 /* EEAlbumsVC.h */,
				849F3B8F1B74C9A2007078F7 /* EEAlbumsVC.m */,
			);
			name = AlbumVC;
			sourceTree = "<group>";
		};
		849F3B911B74D62A007078F7 /* AlbumCell */ = {
			isa = PBXGroup;
			children = (
				849F3B921B74D661007078F7 /* AlbumCell.xib */,
				849F3B941B74D6B3007078F7 /* EEAlbumCell.h */,
				849F3B951B74D6B3007078F7 /* EEAlbumCell.m */,
			);
			name = AlbumCell;
			sourceTree = "<group>";
		};
		849F3B971B74F6AC007078F7 /* PhotosVC */ = {
			isa = PBXGroup;
			children = (
				849F3B981B74F6F6007078F7 /* EEPhotosVC.h */,
				849F3B991B74F6F6007078F7 /* EEPhotosVC.m */,
			);
			name = PhotosVC;
			sourceTree = "<group>";
		};
		849F3BA61B750930007078F7 /* PhotoCell */ = {
			isa = PBXGroup;
			children = (
				849F3BA81B750959007078F7 /* EEPhotoCell.h */,
				849F3BA91B750959007078F7 /* EEPhotoCell.m */,
			);
			name = PhotoCell;
			sourceTree = "<group>";
		};
		849F3BAB1B750A7C007078F7 /* FriendsVC */ = {
			isa = PBXGroup;
			children = (
				8489803C1B53FE2E00698242 /* EEFriendsListVC.h */,
				8489803D1B53FE2E00698242 /* EEFriendsListVC.m */,
			);
			name = FriendsVC;
			sourceTree = "<group>";
		};
		849F3BAC1B750CAC007078F7 /* ViewControllers */ = {
			isa = PBXGroup;
			children = (
				8487A5471B7A28DE0026F9BE /* PhotoBrowserVC */,
				849F3BAB1B750A7C007078F7 /* FriendsVC */,
				84682E511B5EA06800FDED8D /* UserDetailVC */,
				84C3C3791B4C03CC00E62F6D /* LoginVC */,
				849F3B971B74F6AC007078F7 /* PhotosVC */,
				849F3B8D1B74C958007078F7 /* AlbumVC */,
			);
			name = ViewControllers;
			sourceTree = "<group>";
		};
		849F3BAD1B750D89007078F7 /* Models */ = {
			isa = PBXGroup;
			children = (
				849F3BAE1B750DB8007078F7 /* Photo */,
				84FE9B4E1B4FBC260067062D /* Friends */,
				849F3B891B74C10E007078F7 /* Album */,
			);
			name = Models;
			sourceTree = "<group>";
		};
		849F3BAE1B750DB8007078F7 /* Photo */ = {
			isa = PBXGroup;
			children = (
				849F3BAF1B750DEC007078F7 /* EEPhoto.h */,
				849F3BB01B750DEC007078F7 /* EEPhoto.m */,
			);
			name = Photo;
			sourceTree = "<group>";
		};
		84A4A0BE1B57C3F200B7AD38 /* CustomCells */ = {
			isa = PBXGroup;
			children = (
				848BEA781B7DFA8E00174EB2 /* GalleryCell */,
				849F3BA61B750930007078F7 /* PhotoCell */,
				849F3B911B74D62A007078F7 /* AlbumCell */,
				8482C4301B67CA3400329D62 /* UserDatailCell */,
				84A4A0C81B57F5CC00B7AD38 /* FriendsListCell */,
				84A4A0C11B57DE4F00B7AD38 /* LoadingCell */,
			);
			name = CustomCells;
			sourceTree = "<group>";
		};
		84A4A0C11B57DE4F00B7AD38 /* LoadingCell */ = {
			isa = PBXGroup;
			children = (
				84A4A0BB1B57C3E800B7AD38 /* EELoadingCellTableViewCell.h */,
				84A4A0BC1B57C3E800B7AD38 /* EELoadingCellTableViewCell.m */,
				84A4A0BF1B57C46300B7AD38 /* LoadingCell.xib */,
			);
			name = LoadingCell;
			sourceTree = "<group>";
		};
		84A4A0C81B57F5CC00B7AD38 /* FriendsListCell */ = {
			isa = PBXGroup;
			children = (
				84A4A0C91B57F61800B7AD38 /* EEFriendsListCell.h */,
				84A4A0CA1B57F61800B7AD38 /* EEFriendsListCell.m */,
				84A4A0CC1B57F64400B7AD38 /* FriendsListCell.xib */,
			);
			name = FriendsListCell;
			sourceTree = "<group>";
		};
		84BABF021B593DD9003F3057 /* AFNetworking */ = {
			isa = PBXGroup;
			children = (
				84BABF031B593DF7003F3057 /* AFHTTPRequestOperation.h */,
				84BABF041B593DF7003F3057 /* AFHTTPRequestOperation.m */,
				84BABF051B593DF7003F3057 /* AFHTTPRequestOperationManager.h */,
				84BABF061B593DF7003F3057 /* AFHTTPRequestOperationManager.m */,
				84BABF071B593DF7003F3057 /* AFHTTPSessionManager.h */,
				84BABF081B593DF7003F3057 /* AFHTTPSessionManager.m */,
				84BABF091B593DF7003F3057 /* AFNetworking.h */,
				84BABF0A1B593DF7003F3057 /* AFNetworkReachabilityManager.h */,
				84BABF0B1B593DF7003F3057 /* AFNetworkReachabilityManager.m */,
				84BABF0C1B593DF7003F3057 /* AFSecurityPolicy.h */,
				84BABF0D1B593DF7003F3057 /* AFSecurityPolicy.m */,
				84BABF0E1B593DF7003F3057 /* AFURLConnectionOperation.h */,
				84BABF0F1B593DF7003F3057 /* AFURLConnectionOperation.m */,
				84BABF101B593DF7003F3057 /* AFURLRequestSerialization.h */,
				84BABF111B593DF7003F3057 /* AFURLRequestSerialization.m */,
				84BABF121B593DF7003F3057 /* AFURLResponseSerialization.h */,
				84BABF131B593DF7003F3057 /* AFURLResponseSerialization.m */,
				84BABF141B593DF7003F3057 /* AFURLSessionManager.h */,
				84BABF151B593DF7003F3057 /* AFURLSessionManager.m */,
			);
			name = AFNetworking;
			sourceTree = "<group>";
		};
		84C1C3AE1B4BCF3E00959DF2 = {
			isa = PBXGroup;
			children = (
				84C1C3B91B4BCF3E00959DF2 /* VKPhotoViewer */,
				84C1C3D31B4BCF3E00959DF2 /* VKPhotoViewerTests */,
				84C1C3B81B4BCF3E00959DF2 /* Products */,
			);
			sourceTree = "<group>";
		};
		84C1C3B81B4BCF3E00959DF2 /* Products */ = {
			isa = PBXGroup;
			children = (
				84C1C3B71B4BCF3E00959DF2 /* VKPhotoViewer.app */,
				84C1C3D01B4BCF3E00959DF2 /* VKPhotoViewerTests.xctest */,
			);
			name = Products;
			sourceTree = "<group>";
		};
		84C1C3B91B4BCF3E00959DF2 /* VKPhotoViewer */ = {
			isa = PBXGroup;
			children = (
				8474C2B91B7B6630008F43BE /* PhotoGalleryVC */,
				847CBBAA1B61518700E82E4D /* placeholder.png */,
				84C1C3BE1B4BCF3E00959DF2 /* AppDelegate.h */,
				84C1C3BF1B4BCF3E00959DF2 /* AppDelegate.m */,
				848124211B7902D3007AD455 /* Haneke */,
				849F3BAD1B750D89007078F7 /* Models */,
				8488DF341B6643FC0026F40C /* StackBluri */,
				84A4A0BE1B57C3F200B7AD38 /* CustomCells */,
				84BABF021B593DD9003F3057 /* AFNetworking */,
				84734D6E1B5D100800EB1834 /* AppManager */,
				849F3BAC1B750CAC007078F7 /* ViewControllers */,
				8485C9D01B62638B00B5ECE5 /* EGOCache */,
				848CD6F91B556B3200998DA8 /* Requests */,
				848CD6F51B555F0300998DA8 /* ResponseBilder */,
				84C1C3C41B4BCF3E00959DF2 /* Main.storyboard */,
				84C1C3C71B4BCF3E00959DF2 /* Images.xcassets */,
				84C1C3C91B4BCF3E00959DF2 /* LaunchScreen.xib */,
				84C1C3BA1B4BCF3E00959DF2 /* Supporting Files */,
				84C1A41A1B4BD3F700D5F5C0 /* Constants.h */,
			);
			path = VKPhotoViewer;
			sourceTree = "<group>";
		};
		84C1C3BA1B4BCF3E00959DF2 /* Supporting Files */ = {
			isa = PBXGroup;
			children = (
				84C1C3BB1B4BCF3E00959DF2 /* Info.plist */,
				84C1C3BC1B4BCF3E00959DF2 /* main.m */,
			);
			name = "Supporting Files";
			sourceTree = "<group>";
		};
		84C1C3D31B4BCF3E00959DF2 /* VKPhotoViewerTests */ = {
			isa = PBXGroup;
			children = (
				84C1C3D61B4BCF3E00959DF2 /* VKPhotoViewerTests.m */,
				84C1C3D41B4BCF3E00959DF2 /* Supporting Files */,
			);
			path = VKPhotoViewerTests;
			sourceTree = "<group>";
		};
		84C1C3D41B4BCF3E00959DF2 /* Supporting Files */ = {
			isa = PBXGroup;
			children = (
				84C1C3D51B4BCF3E00959DF2 /* Info.plist */,
			);
			name = "Supporting Files";
			sourceTree = "<group>";
		};
		84C3C3791B4C03CC00E62F6D /* LoginVC */ = {
			isa = PBXGroup;
			children = (
				84C3C37A1B4C03CC00E62F6D /* EEVkLoginVC.h */,
				84C3C37B1B4C03CC00E62F6D /* EEVkLoginVC.m */,
				848980391B53F8CC00698242 /* EEMainVC.h */,
				8489803A1B53F8CC00698242 /* EEMainVC.m */,
			);
			name = LoginVC;
			path = Login;
			sourceTree = "<group>";
		};
		84FE9B4E1B4FBC260067062D /* Friends */ = {
			isa = PBXGroup;
			children = (
				848CD6F21B552A7C00998DA8 /* EEFriends.h */,
				848CD6F31B552A7C00998DA8 /* EEFriends.m */,
			);
			name = Friends;
			sourceTree = "<group>";
		};
/* End PBXGroup section */

/* Begin PBXNativeTarget section */
		84C1C3B61B4BCF3E00959DF2 /* VKPhotoViewer */ = {
			isa = PBXNativeTarget;
			buildConfigurationList = 84C1C3DA1B4BCF3E00959DF2 /* Build configuration list for PBXNativeTarget "VKPhotoViewer" */;
			buildPhases = (
				84C1C3B31B4BCF3E00959DF2 /* Sources */,
				84C1C3B41B4BCF3E00959DF2 /* Frameworks */,
				84C1C3B51B4BCF3E00959DF2 /* Resources */,
			);
			buildRules = (
			);
			dependencies = (
			);
			name = VKPhotoViewer;
			productName = VKPhotoViewer;
			productReference = 84C1C3B71B4BCF3E00959DF2 /* VKPhotoViewer.app */;
			productType = "com.apple.product-type.application";
		};
		84C1C3CF1B4BCF3E00959DF2 /* VKPhotoViewerTests */ = {
			isa = PBXNativeTarget;
			buildConfigurationList = 84C1C3DD1B4BCF3E00959DF2 /* Build configuration list for PBXNativeTarget "VKPhotoViewerTests" */;
			buildPhases = (
				84C1C3CC1B4BCF3E00959DF2 /* Sources */,
				84C1C3CD1B4BCF3E00959DF2 /* Frameworks */,
				84C1C3CE1B4BCF3E00959DF2 /* Resources */,
			);
			buildRules = (
			);
			dependencies = (
				84C1C3D21B4BCF3E00959DF2 /* PBXTargetDependency */,
			);
			name = VKPhotoViewerTests;
			productName = VKPhotoViewerTests;
			productReference = 84C1C3D01B4BCF3E00959DF2 /* VKPhotoViewerTests.xctest */;
			productType = "com.apple.product-type.bundle.unit-test";
		};
/* End PBXNativeTarget section */

/* Begin PBXProject section */
		84C1C3AF1B4BCF3E00959DF2 /* Project object */ = {
			isa = PBXProject;
			attributes = {
				LastUpgradeCheck = 0600;
				ORGANIZATIONNAME = Admin;
				TargetAttributes = {
					84C1C3B61B4BCF3E00959DF2 = {
						CreatedOnToolsVersion = 6.0;
					};
					84C1C3CF1B4BCF3E00959DF2 = {
						CreatedOnToolsVersion = 6.0;
						TestTargetID = 84C1C3B61B4BCF3E00959DF2;
					};
				};
			};
			buildConfigurationList = 84C1C3B21B4BCF3E00959DF2 /* Build configuration list for PBXProject "VKPhotoViewer" */;
			compatibilityVersion = "Xcode 3.2";
			developmentRegion = English;
			hasScannedForEncodings = 0;
			knownRegions = (
				en,
				Base,
			);
			mainGroup = 84C1C3AE1B4BCF3E00959DF2;
			productRefGroup = 84C1C3B81B4BCF3E00959DF2 /* Products */;
			projectDirPath = "";
			projectRoot = "";
			targets = (
				84C1C3B61B4BCF3E00959DF2 /* VKPhotoViewer */,
				84C1C3CF1B4BCF3E00959DF2 /* VKPhotoViewerTests */,
			);
		};
/* End PBXProject section */

/* Begin PBXResourcesBuildPhase section */
		84C1C3B51B4BCF3E00959DF2 /* Resources */ = {
			isa = PBXResourcesBuildPhase;
			buildActionMask = 2147483647;
			files = (
				84C1C3C61B4BCF3E00959DF2 /* Main.storyboard in Resources */,
				848BEA7D1B7DFDCF00174EB2 /* GalleryCell.xib in Resources */,
				84C1C3CB1B4BCF3E00959DF2 /* LaunchScreen.xib in Resources */,
				84A4A0C01B57C46300B7AD38 /* LoadingCell.xib in Resources */,
				84A4A0CD1B57F64400B7AD38 /* FriendsListCell.xib in Resources */,
				849F3B931B74D661007078F7 /* AlbumCell.xib in Resources */,
				847CBBAB1B61518700E82E4D /* placeholder.png in Resources */,
				8482C4321B67CA9B00329D62 /* UserDetailCell.xib in Resources */,
				84C1C3C81B4BCF3E00959DF2 /* Images.xcassets in Resources */,
			);
			runOnlyForDeploymentPostprocessing = 0;
		};
		84C1C3CE1B4BCF3E00959DF2 /* Resources */ = {
			isa = PBXResourcesBuildPhase;
			buildActionMask = 2147483647;
			files = (
			);
			runOnlyForDeploymentPostprocessing = 0;
		};
/* End PBXResourcesBuildPhase section */

/* Begin PBXSourcesBuildPhase section */
		84C1C3B31B4BCF3E00959DF2 /* Sources */ = {
			isa = PBXSourcesBuildPhase;
			buildActionMask = 2147483647;
			files = (
				848124371B7902D3007AD455 /* HNKSimpleFetcher.m in Sources */,
				848BEA7B1B7DFAD900174EB2 /* EEGalleryCell.m in Sources */,
				849F3B961B74D6B3007078F7 /* EEAlbumCell.m in Sources */,
				84BABF1B1B593DF7003F3057 /* AFURLConnectionOperation.m in Sources */,
				8489803E1B53FE2E00698242 /* EEFriendsListVC.m in Sources */,
				84BABF1A1B593DF7003F3057 /* AFSecurityPolicy.m in Sources */,
				848124361B7902D3007AD455 /* HNKNetworkFetcher.m in Sources */,
				84A4A0BD1B57C3E800B7AD38 /* EELoadingCellTableViewCell.m in Sources */,
				84BABF171B593DF7003F3057 /* AFHTTPRequestOperationManager.m in Sources */,
				848CD6F41B552A7C00998DA8 /* EEFriends.m in Sources */,
				848124391B7902D3007AD455 /* UIImageView+Haneke.m in Sources */,
				8488DF371B6644220026F40C /* UIImage+StackBlur.m in Sources */,
				848124381B7902D3007AD455 /* UIButton+Haneke.m in Sources */,
				8482C4351B67CACE00329D62 /* EEUserDetailCell.m in Sources */,
				84A4A0CB1B57F61800B7AD38 /* EEFriendsListCell.m in Sources */,
				84734D711B5D103100EB1834 /* EEAppManager.m in Sources */,
				84682E541B5EA0A500FDED8D /* EEUserDetailVC.m in Sources */,
				8485C9D31B6263A700B5ECE5 /* EGOCache.m in Sources */,
				84C1C3C01B4BCF3E00959DF2 /* AppDelegate.m in Sources */,
				849F3B9A1B74F6F6007078F7 /* EEPhotosVC.m in Sources */,
				848124341B7902D3007AD455 /* HNKDiskCache.m in Sources */,
				8489803B1B53F8CC00698242 /* EEMainVC.m in Sources */,
				848CD6F81B555F7E00998DA8 /* EEResponseBilder.m in Sources */,
				84BABF1E1B593DF7003F3057 /* AFURLSessionManager.m in Sources */,
				849F3BAA1B750959007078F7 /* EEPhotoCell.m in Sources */,
				8481243A1B7902D3007AD455 /* UIView+Haneke.m in Sources */,
				84BABF1D1B593DF7003F3057 /* AFURLResponseSerialization.m in Sources */,
				8474C2BC1B7B6685008F43BE /* EEPhotoGalleryVC.m in Sources */,
				848CD6FC1B556B8100998DA8 /* EERequests.m in Sources */,
				848124351B7902D3007AD455 /* HNKDiskFetcher.m in Sources */,
				84C1C3BD1B4BCF3E00959DF2 /* main.m in Sources */,
				849F3BB11B750DEC007078F7 /* EEPhoto.m in Sources */,
				84BABF1C1B593DF7003F3057 /* AFURLRequestSerialization.m in Sources */,
				84BABF191B593DF7003F3057 /* AFNetworkReachabilityManager.m in Sources */,
				848124331B7902D3007AD455 /* HNKCache.m in Sources */,
				8487A54A1B7A292F0026F9BE /* EEPhotoBrowserVC.m in Sources */,
				84C3C37C1B4C03CC00E62F6D /* EEVkLoginVC.m in Sources */,
				84BABF161B593DF7003F3057 /* AFHTTPRequestOperation.m in Sources */,
				849F3B8C1B74C150007078F7 /* EEAlbum.m in Sources */,
				849F3B901B74C9A2007078F7 /* EEAlbumsVC.m in Sources */,
				84BABF181B593DF7003F3057 /* AFHTTPSessionManager.m in Sources */,
			);
			runOnlyForDeploymentPostprocessing = 0;
		};
		84C1C3CC1B4BCF3E00959DF2 /* Sources */ = {
			isa = PBXSourcesBuildPhase;
			buildActionMask = 2147483647;
			files = (
				84C1C3D71B4BCF3E00959DF2 /* VKPhotoViewerTests.m in Sources */,
			);
			runOnlyForDeploymentPostprocessing = 0;
		};
/* End PBXSourcesBuildPhase section */

/* Begin PBXTargetDependency section */
		84C1C3D21B4BCF3E00959DF2 /* PBXTargetDependency */ = {
			isa = PBXTargetDependency;
			target = 84C1C3B61B4BCF3E00959DF2 /* VKPhotoViewer */;
			targetProxy = 84C1C3D11B4BCF3E00959DF2 /* PBXContainerItemProxy */;
		};
/* End PBXTargetDependency section */

/* Begin PBXVariantGroup section */
		84C1C3C41B4BCF3E00959DF2 /* Main.storyboard */ = {
			isa = PBXVariantGroup;
			children = (
				84C1C3C51B4BCF3E00959DF2 /* Base */,
			);
			name = Main.storyboard;
			sourceTree = "<group>";
		};
		84C1C3C91B4BCF3E00959DF2 /* LaunchScreen.xib */ = {
			isa = PBXVariantGroup;
			children = (
				84C1C3CA1B4BCF3E00959DF2 /* Base */,
			);
			name = LaunchScreen.xib;
			sourceTree = "<group>";
		};
/* End PBXVariantGroup section */

/* Begin XCBuildConfiguration section */
		84C1C3D81B4BCF3E00959DF2 /* Debug */ = {
			isa = XCBuildConfiguration;
			buildSettings = {
				ALWAYS_SEARCH_USER_PATHS = NO;
				CLANG_CXX_LANGUAGE_STANDARD = "gnu++0x";
				CLANG_CXX_LIBRARY = "libc++";
				CLANG_ENABLE_MODULES = YES;
				CLANG_ENABLE_OBJC_ARC = YES;
				CLANG_WARN_BOOL_CONVERSION = YES;
				CLANG_WARN_CONSTANT_CONVERSION = YES;
				CLANG_WARN_DIRECT_OBJC_ISA_USAGE = YES_ERROR;
				CLANG_WARN_EMPTY_BODY = YES;
				CLANG_WARN_ENUM_CONVERSION = YES;
				CLANG_WARN_INT_CONVERSION = YES;
				CLANG_WARN_OBJC_ROOT_CLASS = YES_ERROR;
				CLANG_WARN_UNREACHABLE_CODE = YES;
				CLANG_WARN__DUPLICATE_METHOD_MATCH = YES;
				"CODE_SIGN_IDENTITY[sdk=iphoneos*]" = "iPhone Developer";
				COPY_PHASE_STRIP = NO;
				ENABLE_STRICT_OBJC_MSGSEND = YES;
				GCC_C_LANGUAGE_STANDARD = gnu99;
				GCC_DYNAMIC_NO_PIC = NO;
				GCC_OPTIMIZATION_LEVEL = 0;
				GCC_PREPROCESSOR_DEFINITIONS = (
					"DEBUG=1",
					"$(inherited)",
				);
				GCC_SYMBOLS_PRIVATE_EXTERN = NO;
				GCC_WARN_64_TO_32_BIT_CONVERSION = YES;
				GCC_WARN_ABOUT_RETURN_TYPE = YES_ERROR;
				GCC_WARN_UNDECLARED_SELECTOR = YES;
				GCC_WARN_UNINITIALIZED_AUTOS = YES_AGGRESSIVE;
				GCC_WARN_UNUSED_FUNCTION = YES;
				GCC_WARN_UNUSED_VARIABLE = YES;
				IPHONEOS_DEPLOYMENT_TARGET = 8.0;
				MTL_ENABLE_DEBUG_INFO = YES;
				ONLY_ACTIVE_ARCH = YES;
				SDKROOT = iphoneos;
			};
			name = Debug;
		};
		84C1C3D91B4BCF3E00959DF2 /* Release */ = {
			isa = XCBuildConfiguration;
			buildSettings = {
				ALWAYS_SEARCH_USER_PATHS = NO;
				CLANG_CXX_LANGUAGE_STANDARD = "gnu++0x";
				CLANG_CXX_LIBRARY = "libc++";
				CLANG_ENABLE_MODULES = YES;
				CLANG_ENABLE_OBJC_ARC = YES;
				CLANG_WARN_BOOL_CONVERSION = YES;
				CLANG_WARN_CONSTANT_CONVERSION = YES;
				CLANG_WARN_DIRECT_OBJC_ISA_USAGE = YES_ERROR;
				CLANG_WARN_EMPTY_BODY = YES;
				CLANG_WARN_ENUM_CONVERSION = YES;
				CLANG_WARN_INT_CONVERSION = YES;
				CLANG_WARN_OBJC_ROOT_CLASS = YES_ERROR;
				CLANG_WARN_UNREACHABLE_CODE = YES;
				CLANG_WARN__DUPLICATE_METHOD_MATCH = YES;
				"CODE_SIGN_IDENTITY[sdk=iphoneos*]" = "iPhone Developer";
				COPY_PHASE_STRIP = YES;
				ENABLE_NS_ASSERTIONS = NO;
				ENABLE_STRICT_OBJC_MSGSEND = YES;
				GCC_C_LANGUAGE_STANDARD = gnu99;
				GCC_WARN_64_TO_32_BIT_CONVERSION = YES;
				GCC_WARN_ABOUT_RETURN_TYPE = YES_ERROR;
				GCC_WARN_UNDECLARED_SELECTOR = YES;
				GCC_WARN_UNINITIALIZED_AUTOS = YES_AGGRESSIVE;
				GCC_WARN_UNUSED_FUNCTION = YES;
				GCC_WARN_UNUSED_VARIABLE = YES;
				IPHONEOS_DEPLOYMENT_TARGET = 8.0;
				MTL_ENABLE_DEBUG_INFO = NO;
				SDKROOT = iphoneos;
				VALIDATE_PRODUCT = YES;
			};
			name = Release;
		};
		84C1C3DB1B4BCF3E00959DF2 /* Debug */ = {
			isa = XCBuildConfiguration;
			buildSettings = {
				ASSETCATALOG_COMPILER_APPICON_NAME = AppIcon;
				INFOPLIST_FILE = VKPhotoViewer/Info.plist;
				LD_RUNPATH_SEARCH_PATHS = "$(inherited) @executable_path/Frameworks";
				PRODUCT_NAME = "$(TARGET_NAME)";
				TARGETED_DEVICE_FAMILY = 1;
			};
			name = Debug;
		};
		84C1C3DC1B4BCF3E00959DF2 /* Release */ = {
			isa = XCBuildConfiguration;
			buildSettings = {
				ASSETCATALOG_COMPILER_APPICON_NAME = AppIcon;
				INFOPLIST_FILE = VKPhotoViewer/Info.plist;
				LD_RUNPATH_SEARCH_PATHS = "$(inherited) @executable_path/Frameworks";
				PRODUCT_NAME = "$(TARGET_NAME)";
				TARGETED_DEVICE_FAMILY = 1;
			};
			name = Release;
		};
		84C1C3DE1B4BCF3E00959DF2 /* Debug */ = {
			isa = XCBuildConfiguration;
			buildSettings = {
				BUNDLE_LOADER = "$(TEST_HOST)";
				FRAMEWORK_SEARCH_PATHS = (
					"$(SDKROOT)/Developer/Library/Frameworks",
					"$(inherited)",
				);
				GCC_PREPROCESSOR_DEFINITIONS = (
					"DEBUG=1",
					"$(inherited)",
				);
				INFOPLIST_FILE = VKPhotoViewerTests/Info.plist;
				LD_RUNPATH_SEARCH_PATHS = "$(inherited) @executable_path/Frameworks @loader_path/Frameworks";
				PRODUCT_NAME = "$(TARGET_NAME)";
				TEST_HOST = "$(BUILT_PRODUCTS_DIR)/VKPhotoViewer.app/VKPhotoViewer";
			};
			name = Debug;
		};
		84C1C3DF1B4BCF3E00959DF2 /* Release */ = {
			isa = XCBuildConfiguration;
			buildSettings = {
				BUNDLE_LOADER = "$(TEST_HOST)";
				FRAMEWORK_SEARCH_PATHS = (
					"$(SDKROOT)/Developer/Library/Frameworks",
					"$(inherited)",
				);
				INFOPLIST_FILE = VKPhotoViewerTests/Info.plist;
				LD_RUNPATH_SEARCH_PATHS = "$(inherited) @executable_path/Frameworks @loader_path/Frameworks";
				PRODUCT_NAME = "$(TARGET_NAME)";
				TEST_HOST = "$(BUILT_PRODUCTS_DIR)/VKPhotoViewer.app/VKPhotoViewer";
			};
			name = Release;
		};
/* End XCBuildConfiguration section */

/* Begin XCConfigurationList section */
		84C1C3B21B4BCF3E00959DF2 /* Build configuration list for PBXProject "VKPhotoViewer" */ = {
			isa = XCConfigurationList;
			buildConfigurations = (
				84C1C3D81B4BCF3E00959DF2 /* Debug */,
				84C1C3D91B4BCF3E00959DF2 /* Release */,
			);
			defaultConfigurationIsVisible = 0;
			defaultConfigurationName = Release;
		};
		84C1C3DA1B4BCF3E00959DF2 /* Build configuration list for PBXNativeTarget "VKPhotoViewer" */ = {
			isa = XCConfigurationList;
			buildConfigurations = (
				84C1C3DB1B4BCF3E00959DF2 /* Debug */,
				84C1C3DC1B4BCF3E00959DF2 /* Release */,
			);
			defaultConfigurationIsVisible = 0;
			defaultConfigurationName = Release;
		};
		84C1C3DD1B4BCF3E00959DF2 /* Build configuration list for PBXNativeTarget "VKPhotoViewerTests" */ = {
			isa = XCConfigurationList;
			buildConfigurations = (
				84C1C3DE1B4BCF3E00959DF2 /* Debug */,
				84C1C3DF1B4BCF3E00959DF2 /* Release */,
			);
			defaultConfigurationIsVisible = 0;
			defaultConfigurationName = Release;
		};
/* End XCConfigurationList section */
	};
	rootObject = 84C1C3AF1B4BCF3E00959DF2 /* Project object */;
}
