// !$*UTF8*$!
{
	archiveVersion = 1;
	classes = {
	};
	objectVersion = 46;
	objects = {

/* Begin PBXBuildFile section */
		57783C54B59AD86E9EF415E3 /* libPods.a in Frameworks */ = {isa = PBXBuildFile; fileRef = C16900F5D27E4D51B8CB6DF4 /* libPods.a */; };
		847D29481BA04CD300612D6A /* EENetworkManager.m in Sources */ = {isa = PBXBuildFile; fileRef = 847D29471BA04CD300612D6A /* EENetworkManager.m */; };
		847D29BB1BA04D2600612D6A /* EGOCache.m in Sources */ = {isa = PBXBuildFile; fileRef = 847D29601BA04D2600612D6A /* EGOCache.m */; };
		847D29BC1BA04D2600612D6A /* HNKCache.m in Sources */ = {isa = PBXBuildFile; fileRef = 847D29641BA04D2600612D6A /* HNKCache.m */; };
		847D29BD1BA04D2600612D6A /* HNKDiskCache.m in Sources */ = {isa = PBXBuildFile; fileRef = 847D29661BA04D2600612D6A /* HNKDiskCache.m */; };
		847D29BE1BA04D2600612D6A /* HNKDiskFetcher.m in Sources */ = {isa = PBXBuildFile; fileRef = 847D29681BA04D2600612D6A /* HNKDiskFetcher.m */; };
		847D29BF1BA04D2600612D6A /* HNKNetworkFetcher.m in Sources */ = {isa = PBXBuildFile; fileRef = 847D296A1BA04D2600612D6A /* HNKNetworkFetcher.m */; };
		847D29C01BA04D2600612D6A /* HNKSimpleFetcher.m in Sources */ = {isa = PBXBuildFile; fileRef = 847D296C1BA04D2600612D6A /* HNKSimpleFetcher.m */; };
		847D29C11BA04D2600612D6A /* UIButton+Haneke.m in Sources */ = {isa = PBXBuildFile; fileRef = 847D296E1BA04D2600612D6A /* UIButton+Haneke.m */; };
		847D29C21BA04D2600612D6A /* UIImageView+Haneke.m in Sources */ = {isa = PBXBuildFile; fileRef = 847D29701BA04D2600612D6A /* UIImageView+Haneke.m */; };
		847D29C31BA04D2600612D6A /* UIView+Haneke.m in Sources */ = {isa = PBXBuildFile; fileRef = 847D29721BA04D2600612D6A /* UIView+Haneke.m */; };
		847D29C41BA04D2600612D6A /* UIImage+StackBlur.m in Sources */ = {isa = PBXBuildFile; fileRef = 847D29751BA04D2600612D6A /* UIImage+StackBlur.m */; };
		847D29C51BA04D2600612D6A /* EEAlbum.m in Sources */ = {isa = PBXBuildFile; fileRef = 847D29791BA04D2600612D6A /* EEAlbum.m */; };
		847D29C61BA04D2600612D6A /* EEFriends.m in Sources */ = {isa = PBXBuildFile; fileRef = 847D297C1BA04D2600612D6A /* EEFriends.m */; };
		847D29C71BA04D2600612D6A /* EEPhoto.m in Sources */ = {isa = PBXBuildFile; fileRef = 847D297F1BA04D2600612D6A /* EEPhoto.m */; };
		847D29C81BA04D2600612D6A /* EERequests.m in Sources */ = {isa = PBXBuildFile; fileRef = 847D29821BA04D2600612D6A /* EERequests.m */; };
		847D29C91BA04D2600612D6A /* EEResponseBilder.m in Sources */ = {isa = PBXBuildFile; fileRef = 847D29851BA04D2600612D6A /* EEResponseBilder.m */; };
		847D29CA1BA04D2600612D6A /* AlbumCell.xib in Resources */ = {isa = PBXBuildFile; fileRef = 847D29891BA04D2600612D6A /* AlbumCell.xib */; };
		847D29CB1BA04D2600612D6A /* EEAlbumCell.m in Sources */ = {isa = PBXBuildFile; fileRef = 847D298B1BA04D2600612D6A /* EEAlbumCell.m */; };
		847D29CC1BA04D2600612D6A /* EEAlbumsVC.m in Sources */ = {isa = PBXBuildFile; fileRef = 847D298D1BA04D2600612D6A /* EEAlbumsVC.m */; };
		847D29CD1BA04D2600612D6A /* EEFriendsListVC.m in Sources */ = {isa = PBXBuildFile; fileRef = 847D29901BA04D2600612D6A /* EEFriendsListVC.m */; };
		847D29CE1BA04D2600612D6A /* EEFriendsListCell.m in Sources */ = {isa = PBXBuildFile; fileRef = 847D29931BA04D2600612D6A /* EEFriendsListCell.m */; };
		847D29CF1BA04D2600612D6A /* FriendsListCell.xib in Resources */ = {isa = PBXBuildFile; fileRef = 847D29941BA04D2600612D6A /* FriendsListCell.xib */; };
		847D29D01BA04D2600612D6A /* EELoadingCellTableViewCell.m in Sources */ = {isa = PBXBuildFile; fileRef = 847D29971BA04D2600612D6A /* EELoadingCellTableViewCell.m */; };
		847D29D11BA04D2600612D6A /* LoadingCell.xib in Resources */ = {isa = PBXBuildFile; fileRef = 847D29981BA04D2600612D6A /* LoadingCell.xib */; };
		847D29D21BA04D2600612D6A /* EEMainVC.m in Sources */ = {isa = PBXBuildFile; fileRef = 847D299B1BA04D2600612D6A /* EEMainVC.m */; };
		847D29D31BA04D2600612D6A /* EEVkLoginVC.m in Sources */ = {isa = PBXBuildFile; fileRef = 847D299D1BA04D2600612D6A /* EEVkLoginVC.m */; };
		847D29D41BA04D2600612D6A /* EEPhotoGalleryVC.m in Sources */ = {isa = PBXBuildFile; fileRef = 847D29A01BA04D2600612D6A /* EEPhotoGalleryVC.m */; };
		847D29D51BA04D2600612D6A /* EEGalleryCell.m in Sources */ = {isa = PBXBuildFile; fileRef = 847D29A31BA04D2600612D6A /* EEGalleryCell.m */; };
		847D29D61BA04D2600612D6A /* GalleryCell.xib in Resources */ = {isa = PBXBuildFile; fileRef = 847D29A41BA04D2600612D6A /* GalleryCell.xib */; };
		847D29D71BA04D2600612D6A /* EEPhotosVC.m in Sources */ = {isa = PBXBuildFile; fileRef = 847D29A71BA04D2600612D6A /* EEPhotosVC.m */; };
		847D29D81BA04D2600612D6A /* EEPhotoCell.m in Sources */ = {isa = PBXBuildFile; fileRef = 847D29AA1BA04D2600612D6A /* EEPhotoCell.m */; };
		847D29D91BA04D2600612D6A /* EEUserDetailVC.m in Sources */ = {isa = PBXBuildFile; fileRef = 847D29AD1BA04D2600612D6A /* EEUserDetailVC.m */; };
		847D29DA1BA04D2600612D6A /* EEUserDetailCell.m in Sources */ = {isa = PBXBuildFile; fileRef = 847D29B01BA04D2600612D6A /* EEUserDetailCell.m */; };
		847D29DB1BA04D2600612D6A /* UserDetailCell.xib in Resources */ = {isa = PBXBuildFile; fileRef = 847D29B11BA04D2600612D6A /* UserDetailCell.xib */; };
		847D29DD1BA04D3400612D6A /* Main.storyboard in Resources */ = {isa = PBXBuildFile; fileRef = 847D29DC1BA04D3400612D6A /* Main.storyboard */; };
		847D29E01BA04D5F00612D6A /* EEAppManager.m in Sources */ = {isa = PBXBuildFile; fileRef = 847D29DF1BA04D5F00612D6A /* EEAppManager.m */; };
		847D29E41BA07B6F00612D6A /* EECaptchaVC.m in Sources */ = {isa = PBXBuildFile; fileRef = 847D29E31BA07B6F00612D6A /* EECaptchaVC.m */; };
		84C1C3BD1B4BCF3E00959DF2 /* main.m in Sources */ = {isa = PBXBuildFile; fileRef = 84C1C3BC1B4BCF3E00959DF2 /* main.m */; };
		84C1C3C01B4BCF3E00959DF2 /* AppDelegate.m in Sources */ = {isa = PBXBuildFile; fileRef = 84C1C3BF1B4BCF3E00959DF2 /* AppDelegate.m */; };
		84C1C3C81B4BCF3E00959DF2 /* Images.xcassets in Resources */ = {isa = PBXBuildFile; fileRef = 84C1C3C71B4BCF3E00959DF2 /* Images.xcassets */; };
		84C1C3CB1B4BCF3E00959DF2 /* LaunchScreen.xib in Resources */ = {isa = PBXBuildFile; fileRef = 84C1C3C91B4BCF3E00959DF2 /* LaunchScreen.xib */; };
		84C1C3D71B4BCF3E00959DF2 /* VKPhotoViewerTests.m in Sources */ = {isa = PBXBuildFile; fileRef = 84C1C3D61B4BCF3E00959DF2 /* VKPhotoViewerTests.m */; };
/* End PBXBuildFile section */

/* Begin PBXContainerItemProxy section */
		84C1C3D11B4BCF3E00959DF2 /* PBXContainerItemProxy */ = {
			isa = PBXContainerItemProxy;
			containerPortal = 84C1C3AF1B4BCF3E00959DF2 /* Project object */;
			proxyType = 1;
			remoteGlobalIDString = 84C1C3B61B4BCF3E00959DF2;
			remoteInfo = VKPhotoViewer;
		};
/* End PBXContainerItemProxy section */

/* Begin PBXFileReference section */
		0A93F51068735526F40768D9 /* Pods.debug.xcconfig */ = {isa = PBXFileReference; includeInIndex = 1; lastKnownFileType = text.xcconfig; name = Pods.debug.xcconfig; path = "Pods/Target Support Files/Pods/Pods.debug.xcconfig"; sourceTree = "<group>"; };
		4F029252C5389E17067EAEBE /* Pods.release.xcconfig */ = {isa = PBXFileReference; includeInIndex = 1; lastKnownFileType = text.xcconfig; name = Pods.release.xcconfig; path = "Pods/Target Support Files/Pods/Pods.release.xcconfig"; sourceTree = "<group>"; };
		847D29461BA04CD300612D6A /* EENetworkManager.h */ = {isa = PBXFileReference; fileEncoding = 4; lastKnownFileType = sourcecode.c.h; path = EENetworkManager.h; sourceTree = "<group>"; };
		847D29471BA04CD300612D6A /* EENetworkManager.m */ = {isa = PBXFileReference; fileEncoding = 4; lastKnownFileType = sourcecode.c.objc; path = EENetworkManager.m; sourceTree = "<group>"; };
		847D295F1BA04D2600612D6A /* EGOCache.h */ = {isa = PBXFileReference; fileEncoding = 4; lastKnownFileType = sourcecode.c.h; path = EGOCache.h; sourceTree = "<group>"; };
		847D29601BA04D2600612D6A /* EGOCache.m */ = {isa = PBXFileReference; fileEncoding = 4; lastKnownFileType = sourcecode.c.objc; path = EGOCache.m; sourceTree = "<group>"; };
		847D29621BA04D2600612D6A /* Haneke.h */ = {isa = PBXFileReference; fileEncoding = 4; lastKnownFileType = sourcecode.c.h; path = Haneke.h; sourceTree = "<group>"; };
		847D29631BA04D2600612D6A /* HNKCache.h */ = {isa = PBXFileReference; fileEncoding = 4; lastKnownFileType = sourcecode.c.h; path = HNKCache.h; sourceTree = "<group>"; };
		847D29641BA04D2600612D6A /* HNKCache.m */ = {isa = PBXFileReference; fileEncoding = 4; lastKnownFileType = sourcecode.c.objc; path = HNKCache.m; sourceTree = "<group>"; };
		847D29651BA04D2600612D6A /* HNKDiskCache.h */ = {isa = PBXFileReference; fileEncoding = 4; lastKnownFileType = sourcecode.c.h; path = HNKDiskCache.h; sourceTree = "<group>"; };
		847D29661BA04D2600612D6A /* HNKDiskCache.m */ = {isa = PBXFileReference; fileEncoding = 4; lastKnownFileType = sourcecode.c.objc; path = HNKDiskCache.m; sourceTree = "<group>"; };
		847D29671BA04D2600612D6A /* HNKDiskFetcher.h */ = {isa = PBXFileReference; fileEncoding = 4; lastKnownFileType = sourcecode.c.h; path = HNKDiskFetcher.h; sourceTree = "<group>"; };
		847D29681BA04D2600612D6A /* HNKDiskFetcher.m */ = {isa = PBXFileReference; fileEncoding = 4; lastKnownFileType = sourcecode.c.objc; path = HNKDiskFetcher.m; sourceTree = "<group>"; };
		847D29691BA04D2600612D6A /* HNKNetworkFetcher.h */ = {isa = PBXFileReference; fileEncoding = 4; lastKnownFileType = sourcecode.c.h; path = HNKNetworkFetcher.h; sourceTree = "<group>"; };
		847D296A1BA04D2600612D6A /* HNKNetworkFetcher.m */ = {isa = PBXFileReference; fileEncoding = 4; lastKnownFileType = sourcecode.c.objc; path = HNKNetworkFetcher.m; sourceTree = "<group>"; };
		847D296B1BA04D2600612D6A /* HNKSimpleFetcher.h */ = {isa = PBXFileReference; fileEncoding = 4; lastKnownFileType = sourcecode.c.h; path = HNKSimpleFetcher.h; sourceTree = "<group>"; };
		847D296C1BA04D2600612D6A /* HNKSimpleFetcher.m */ = {isa = PBXFileReference; fileEncoding = 4; lastKnownFileType = sourcecode.c.objc; path = HNKSimpleFetcher.m; sourceTree = "<group>"; };
		847D296D1BA04D2600612D6A /* UIButton+Haneke.h */ = {isa = PBXFileReference; fileEncoding = 4; lastKnownFileType = sourcecode.c.h; path = "UIButton+Haneke.h"; sourceTree = "<group>"; };
		847D296E1BA04D2600612D6A /* UIButton+Haneke.m */ = {isa = PBXFileReference; fileEncoding = 4; lastKnownFileType = sourcecode.c.objc; path = "UIButton+Haneke.m"; sourceTree = "<group>"; };
		847D296F1BA04D2600612D6A /* UIImageView+Haneke.h */ = {isa = PBXFileReference; fileEncoding = 4; lastKnownFileType = sourcecode.c.h; path = "UIImageView+Haneke.h"; sourceTree = "<group>"; };
		847D29701BA04D2600612D6A /* UIImageView+Haneke.m */ = {isa = PBXFileReference; fileEncoding = 4; lastKnownFileType = sourcecode.c.objc; path = "UIImageView+Haneke.m"; sourceTree = "<group>"; };
		847D29711BA04D2600612D6A /* UIView+Haneke.h */ = {isa = PBXFileReference; fileEncoding = 4; lastKnownFileType = sourcecode.c.h; path = "UIView+Haneke.h"; sourceTree = "<group>"; };
		847D29721BA04D2600612D6A /* UIView+Haneke.m */ = {isa = PBXFileReference; fileEncoding = 4; lastKnownFileType = sourcecode.c.objc; path = "UIView+Haneke.m"; sourceTree = "<group>"; };
		847D29741BA04D2600612D6A /* UIImage+StackBlur.h */ = {isa = PBXFileReference; fileEncoding = 4; lastKnownFileType = sourcecode.c.h; path = "UIImage+StackBlur.h"; sourceTree = "<group>"; };
		847D29751BA04D2600612D6A /* UIImage+StackBlur.m */ = {isa = PBXFileReference; fileEncoding = 4; lastKnownFileType = sourcecode.c.objc; path = "UIImage+StackBlur.m"; sourceTree = "<group>"; };
		847D29781BA04D2600612D6A /* EEAlbum.h */ = {isa = PBXFileReference; fileEncoding = 4; lastKnownFileType = sourcecode.c.h; path = EEAlbum.h; sourceTree = "<group>"; };
		847D29791BA04D2600612D6A /* EEAlbum.m */ = {isa = PBXFileReference; fileEncoding = 4; lastKnownFileType = sourcecode.c.objc; path = EEAlbum.m; sourceTree = "<group>"; };
		847D297B1BA04D2600612D6A /* EEFriends.h */ = {isa = PBXFileReference; fileEncoding = 4; lastKnownFileType = sourcecode.c.h; path = EEFriends.h; sourceTree = "<group>"; };
		847D297C1BA04D2600612D6A /* EEFriends.m */ = {isa = PBXFileReference; fileEncoding = 4; lastKnownFileType = sourcecode.c.objc; path = EEFriends.m; sourceTree = "<group>"; };
		847D297E1BA04D2600612D6A /* EEPhoto.h */ = {isa = PBXFileReference; fileEncoding = 4; lastKnownFileType = sourcecode.c.h; path = EEPhoto.h; sourceTree = "<group>"; };
		847D297F1BA04D2600612D6A /* EEPhoto.m */ = {isa = PBXFileReference; fileEncoding = 4; lastKnownFileType = sourcecode.c.objc; path = EEPhoto.m; sourceTree = "<group>"; };
		847D29811BA04D2600612D6A /* EERequests.h */ = {isa = PBXFileReference; fileEncoding = 4; lastKnownFileType = sourcecode.c.h; path = EERequests.h; sourceTree = "<group>"; };
		847D29821BA04D2600612D6A /* EERequests.m */ = {isa = PBXFileReference; fileEncoding = 4; lastKnownFileType = sourcecode.c.objc; path = EERequests.m; sourceTree = "<group>"; };
		847D29841BA04D2600612D6A /* EEResponseBilder.h */ = {isa = PBXFileReference; fileEncoding = 4; lastKnownFileType = sourcecode.c.h; path = EEResponseBilder.h; sourceTree = "<group>"; };
		847D29851BA04D2600612D6A /* EEResponseBilder.m */ = {isa = PBXFileReference; fileEncoding = 4; lastKnownFileType = sourcecode.c.objc; path = EEResponseBilder.m; sourceTree = "<group>"; };
		847D29891BA04D2600612D6A /* AlbumCell.xib */ = {isa = PBXFileReference; fileEncoding = 4; lastKnownFileType = file.xib; path = AlbumCell.xib; sourceTree = "<group>"; };
		847D298A1BA04D2600612D6A /* EEAlbumCell.h */ = {isa = PBXFileReference; fileEncoding = 4; lastKnownFileType = sourcecode.c.h; path = EEAlbumCell.h; sourceTree = "<group>"; };
		847D298B1BA04D2600612D6A /* EEAlbumCell.m */ = {isa = PBXFileReference; fileEncoding = 4; lastKnownFileType = sourcecode.c.objc; path = EEAlbumCell.m; sourceTree = "<group>"; };
		847D298C1BA04D2600612D6A /* EEAlbumsVC.h */ = {isa = PBXFileReference; fileEncoding = 4; lastKnownFileType = sourcecode.c.h; path = EEAlbumsVC.h; sourceTree = "<group>"; };
		847D298D1BA04D2600612D6A /* EEAlbumsVC.m */ = {isa = PBXFileReference; fileEncoding = 4; lastKnownFileType = sourcecode.c.objc; path = EEAlbumsVC.m; sourceTree = "<group>"; };
		847D298F1BA04D2600612D6A /* EEFriendsListVC.h */ = {isa = PBXFileReference; fileEncoding = 4; lastKnownFileType = sourcecode.c.h; path = EEFriendsListVC.h; sourceTree = "<group>"; };
		847D29901BA04D2600612D6A /* EEFriendsListVC.m */ = {isa = PBXFileReference; fileEncoding = 4; lastKnownFileType = sourcecode.c.objc; path = EEFriendsListVC.m; sourceTree = "<group>"; };
		847D29921BA04D2600612D6A /* EEFriendsListCell.h */ = {isa = PBXFileReference; fileEncoding = 4; lastKnownFileType = sourcecode.c.h; path = EEFriendsListCell.h; sourceTree = "<group>"; };
		847D29931BA04D2600612D6A /* EEFriendsListCell.m */ = {isa = PBXFileReference; fileEncoding = 4; lastKnownFileType = sourcecode.c.objc; path = EEFriendsListCell.m; sourceTree = "<group>"; };
		847D29941BA04D2600612D6A /* FriendsListCell.xib */ = {isa = PBXFileReference; fileEncoding = 4; lastKnownFileType = file.xib; path = FriendsListCell.xib; sourceTree = "<group>"; };
		847D29961BA04D2600612D6A /* EELoadingCellTableViewCell.h */ = {isa = PBXFileReference; fileEncoding = 4; lastKnownFileType = sourcecode.c.h; path = EELoadingCellTableViewCell.h; sourceTree = "<group>"; };
		847D29971BA04D2600612D6A /* EELoadingCellTableViewCell.m */ = {isa = PBXFileReference; fileEncoding = 4; lastKnownFileType = sourcecode.c.objc; path = EELoadingCellTableViewCell.m; sourceTree = "<group>"; };
		847D29981BA04D2600612D6A /* LoadingCell.xib */ = {isa = PBXFileReference; fileEncoding = 4; lastKnownFileType = file.xib; path = LoadingCell.xib; sourceTree = "<group>"; };
		847D299A1BA04D2600612D6A /* EEMainVC.h */ = {isa = PBXFileReference; fileEncoding = 4; lastKnownFileType = sourcecode.c.h; path = EEMainVC.h; sourceTree = "<group>"; };
		847D299B1BA04D2600612D6A /* EEMainVC.m */ = {isa = PBXFileReference; fileEncoding = 4; lastKnownFileType = sourcecode.c.objc; path = EEMainVC.m; sourceTree = "<group>"; };
		847D299C1BA04D2600612D6A /* EEVkLoginVC.h */ = {isa = PBXFileReference; fileEncoding = 4; lastKnownFileType = sourcecode.c.h; path = EEVkLoginVC.h; sourceTree = "<group>"; };
		847D299D1BA04D2600612D6A /* EEVkLoginVC.m */ = {isa = PBXFileReference; fileEncoding = 4; lastKnownFileType = sourcecode.c.objc; path = EEVkLoginVC.m; sourceTree = "<group>"; };
		847D299F1BA04D2600612D6A /* EEPhotoGalleryVC.h */ = {isa = PBXFileReference; fileEncoding = 4; lastKnownFileType = sourcecode.c.h; path = EEPhotoGalleryVC.h; sourceTree = "<group>"; };
		847D29A01BA04D2600612D6A /* EEPhotoGalleryVC.m */ = {isa = PBXFileReference; fileEncoding = 4; lastKnownFileType = sourcecode.c.objc; path = EEPhotoGalleryVC.m; sourceTree = "<group>"; };
		847D29A21BA04D2600612D6A /* EEGalleryCell.h */ = {isa = PBXFileReference; fileEncoding = 4; lastKnownFileType = sourcecode.c.h; path = EEGalleryCell.h; sourceTree = "<group>"; };
		847D29A31BA04D2600612D6A /* EEGalleryCell.m */ = {isa = PBXFileReference; fileEncoding = 4; lastKnownFileType = sourcecode.c.objc; path = EEGalleryCell.m; sourceTree = "<group>"; };
		847D29A41BA04D2600612D6A /* GalleryCell.xib */ = {isa = PBXFileReference; fileEncoding = 4; lastKnownFileType = file.xib; path = GalleryCell.xib; sourceTree = "<group>"; };
		847D29A61BA04D2600612D6A /* EEPhotosVC.h */ = {isa = PBXFileReference; fileEncoding = 4; lastKnownFileType = sourcecode.c.h; path = EEPhotosVC.h; sourceTree = "<group>"; };
		847D29A71BA04D2600612D6A /* EEPhotosVC.m */ = {isa = PBXFileReference; fileEncoding = 4; lastKnownFileType = sourcecode.c.objc; path = EEPhotosVC.m; sourceTree = "<group>"; };
		847D29A91BA04D2600612D6A /* EEPhotoCell.h */ = {isa = PBXFileReference; fileEncoding = 4; lastKnownFileType = sourcecode.c.h; path = EEPhotoCell.h; sourceTree = "<group>"; };
		847D29AA1BA04D2600612D6A /* EEPhotoCell.m */ = {isa = PBXFileReference; fileEncoding = 4; lastKnownFileType = sourcecode.c.objc; path = EEPhotoCell.m; sourceTree = "<group>"; };
		847D29AC1BA04D2600612D6A /* EEUserDetailVC.h */ = {isa = PBXFileReference; fileEncoding = 4; lastKnownFileType = sourcecode.c.h; path = EEUserDetailVC.h; sourceTree = "<group>"; };
		847D29AD1BA04D2600612D6A /* EEUserDetailVC.m */ = {isa = PBXFileReference; fileEncoding = 4; lastKnownFileType = sourcecode.c.objc; path = EEUserDetailVC.m; sourceTree = "<group>"; };
		847D29AF1BA04D2600612D6A /* EEUserDetailCell.h */ = {isa = PBXFileReference; fileEncoding = 4; lastKnownFileType = sourcecode.c.h; path = EEUserDetailCell.h; sourceTree = "<group>"; };
		847D29B01BA04D2600612D6A /* EEUserDetailCell.m */ = {isa = PBXFileReference; fileEncoding = 4; lastKnownFileType = sourcecode.c.objc; path = EEUserDetailCell.m; sourceTree = "<group>"; };
		847D29B11BA04D2600612D6A /* UserDetailCell.xib */ = {isa = PBXFileReference; fileEncoding = 4; lastKnownFileType = file.xib; path = UserDetailCell.xib; sourceTree = "<group>"; };
		847D29DC1BA04D3400612D6A /* Main.storyboard */ = {isa = PBXFileReference; fileEncoding = 4; lastKnownFileType = file.storyboard; name = Main.storyboard; path = ViewControllers/Main.storyboard; sourceTree = "<group>"; };
		847D29DE1BA04D5F00612D6A /* EEAppManager.h */ = {isa = PBXFileReference; fileEncoding = 4; lastKnownFileType = sourcecode.c.h; name = EEAppManager.h; path = Communications/AppManager/EEAppManager.h; sourceTree = "<group>"; };
		847D29DF1BA04D5F00612D6A /* EEAppManager.m */ = {isa = PBXFileReference; fileEncoding = 4; lastKnownFileType = sourcecode.c.objc; name = EEAppManager.m; path = Communications/AppManager/EEAppManager.m; sourceTree = "<group>"; };
		847D29E21BA07B6F00612D6A /* EECaptchaVC.h */ = {isa = PBXFileReference; fileEncoding = 4; lastKnownFileType = sourcecode.c.h; name = EECaptchaVC.h; path = CaptchaVC/EECaptchaVC.h; sourceTree = "<group>"; };
		847D29E31BA07B6F00612D6A /* EECaptchaVC.m */ = {isa = PBXFileReference; fileEncoding = 4; lastKnownFileType = sourcecode.c.objc; name = EECaptchaVC.m; path = CaptchaVC/EECaptchaVC.m; sourceTree = "<group>"; };
		84C1A41A1B4BD3F700D5F5C0 /* Constants.h */ = {isa = PBXFileReference; lastKnownFileType = sourcecode.c.h; path = Constants.h; sourceTree = "<group>"; };
		84C1C3B71B4BCF3E00959DF2 /* VKPhotoViewer.app */ = {isa = PBXFileReference; explicitFileType = wrapper.application; includeInIndex = 0; path = VKPhotoViewer.app; sourceTree = BUILT_PRODUCTS_DIR; };
		84C1C3BB1B4BCF3E00959DF2 /* Info.plist */ = {isa = PBXFileReference; lastKnownFileType = text.plist.xml; path = Info.plist; sourceTree = "<group>"; };
		84C1C3BC1B4BCF3E00959DF2 /* main.m */ = {isa = PBXFileReference; lastKnownFileType = sourcecode.c.objc; path = main.m; sourceTree = "<group>"; };
		84C1C3BE1B4BCF3E00959DF2 /* AppDelegate.h */ = {isa = PBXFileReference; lastKnownFileType = sourcecode.c.h; path = AppDelegate.h; sourceTree = "<group>"; };
		84C1C3BF1B4BCF3E00959DF2 /* AppDelegate.m */ = {isa = PBXFileReference; lastKnownFileType = sourcecode.c.objc; path = AppDelegate.m; sourceTree = "<group>"; };
		84C1C3C71B4BCF3E00959DF2 /* Images.xcassets */ = {isa = PBXFileReference; lastKnownFileType = folder.assetcatalog; path = Images.xcassets; sourceTree = "<group>"; };
		84C1C3CA1B4BCF3E00959DF2 /* Base */ = {isa = PBXFileReference; lastKnownFileType = file.xib; name = Base; path = Base.lproj/LaunchScreen.xib; sourceTree = "<group>"; };
		84C1C3D01B4BCF3E00959DF2 /* VKPhotoViewerTests.xctest */ = {isa = PBXFileReference; explicitFileType = wrapper.cfbundle; includeInIndex = 0; path = VKPhotoViewerTests.xctest; sourceTree = BUILT_PRODUCTS_DIR; };
		84C1C3D51B4BCF3E00959DF2 /* Info.plist */ = {isa = PBXFileReference; lastKnownFileType = text.plist.xml; path = Info.plist; sourceTree = "<group>"; };
		84C1C3D61B4BCF3E00959DF2 /* VKPhotoViewerTests.m */ = {isa = PBXFileReference; lastKnownFileType = sourcecode.c.objc; path = VKPhotoViewerTests.m; sourceTree = "<group>"; };
		C16900F5D27E4D51B8CB6DF4 /* libPods.a */ = {isa = PBXFileReference; explicitFileType = archive.ar; includeInIndex = 0; path = libPods.a; sourceTree = BUILT_PRODUCTS_DIR; };
/* End PBXFileReference section */

/* Begin PBXFrameworksBuildPhase section */
		84C1C3B41B4BCF3E00959DF2 /* Frameworks */ = {
			isa = PBXFrameworksBuildPhase;
			buildActionMask = 2147483647;
			files = (
				57783C54B59AD86E9EF415E3 /* libPods.a in Frameworks */,
			);
			runOnlyForDeploymentPostprocessing = 0;
		};
		84C1C3CD1B4BCF3E00959DF2 /* Frameworks */ = {
			isa = PBXFrameworksBuildPhase;
			buildActionMask = 2147483647;
			files = (
			);
			runOnlyForDeploymentPostprocessing = 0;
		};
/* End PBXFrameworksBuildPhase section */

/* Begin PBXGroup section */
		7E2657507420A609F7660ED8 /* Frameworks */ = {
			isa = PBXGroup;
			children = (
				C16900F5D27E4D51B8CB6DF4 /* libPods.a */,
			);
			name = Frameworks;
			sourceTree = "<group>";
		};
		84734D6E1B5D100800EB1834 /* AppManager */ = {
			isa = PBXGroup;
			children = (
				847D29DE1BA04D5F00612D6A /* EEAppManager.h */,
				847D29DF1BA04D5F00612D6A /* EEAppManager.m */,
			);
			name = AppManager;
			sourceTree = "<group>";
		};
		847D29411BA04BD500612D6A /* Communications */ = {
			isa = PBXGroup;
			children = (
				847D29451BA04CD300612D6A /* NetworkManager */,
				84734D6E1B5D100800EB1834 /* AppManager */,
			);
			name = Communications;
			sourceTree = "<group>";
		};
		847D29451BA04CD300612D6A /* NetworkManager */ = {
			isa = PBXGroup;
			children = (
				847D29461BA04CD300612D6A /* EENetworkManager.h */,
				847D29471BA04CD300612D6A /* EENetworkManager.m */,
			);
			name = NetworkManager;
			path = Communications/NetworkManager;
			sourceTree = "<group>";
		};
		847D29491BA04D2600612D6A /* Frameworks */ = {
			isa = PBXGroup;
			children = (
				847D295E1BA04D2600612D6A /* EGOCache */,
				847D29611BA04D2600612D6A /* Haneke */,
				847D29731BA04D2600612D6A /* StackBluri */,
			);
			path = Frameworks;
			sourceTree = "<group>";
		};
		847D295E1BA04D2600612D6A /* EGOCache */ = {
			isa = PBXGroup;
			children = (
				847D295F1BA04D2600612D6A /* EGOCache.h */,
				847D29601BA04D2600612D6A /* EGOCache.m */,
			);
			path = EGOCache;
			sourceTree = "<group>";
		};
		847D29611BA04D2600612D6A /* Haneke */ = {
			isa = PBXGroup;
			children = (
				847D29621BA04D2600612D6A /* Haneke.h */,
				847D29631BA04D2600612D6A /* HNKCache.h */,
				847D29641BA04D2600612D6A /* HNKCache.m */,
				847D29651BA04D2600612D6A /* HNKDiskCache.h */,
				847D29661BA04D2600612D6A /* HNKDiskCache.m */,
				847D29671BA04D2600612D6A /* HNKDiskFetcher.h */,
				847D29681BA04D2600612D6A /* HNKDiskFetcher.m */,
				847D29691BA04D2600612D6A /* HNKNetworkFetcher.h */,
				847D296A1BA04D2600612D6A /* HNKNetworkFetcher.m */,
				847D296B1BA04D2600612D6A /* HNKSimpleFetcher.h */,
				847D296C1BA04D2600612D6A /* HNKSimpleFetcher.m */,
				847D296D1BA04D2600612D6A /* UIButton+Haneke.h */,
				847D296E1BA04D2600612D6A /* UIButton+Haneke.m */,
				847D296F1BA04D2600612D6A /* UIImageView+Haneke.h */,
				847D29701BA04D2600612D6A /* UIImageView+Haneke.m */,
				847D29711BA04D2600612D6A /* UIView+Haneke.h */,
				847D29721BA04D2600612D6A /* UIView+Haneke.m */,
			);
			path = Haneke;
			sourceTree = "<group>";
		};
		847D29731BA04D2600612D6A /* StackBluri */ = {
			isa = PBXGroup;
			children = (
				847D29741BA04D2600612D6A /* UIImage+StackBlur.h */,
				847D29751BA04D2600612D6A /* UIImage+StackBlur.m */,
			);
			path = StackBluri;
			sourceTree = "<group>";
		};
		847D29761BA04D2600612D6A /* Models */ = {
			isa = PBXGroup;
			children = (
				847D29771BA04D2600612D6A /* Album */,
				847D297A1BA04D2600612D6A /* Friends */,
				847D297D1BA04D2600612D6A /* Photo */,
			);
			path = Models;
			sourceTree = "<group>";
		};
		847D29771BA04D2600612D6A /* Album */ = {
			isa = PBXGroup;
			children = (
				847D29781BA04D2600612D6A /* EEAlbum.h */,
				847D29791BA04D2600612D6A /* EEAlbum.m */,
			);
			path = Album;
			sourceTree = "<group>";
		};
		847D297A1BA04D2600612D6A /* Friends */ = {
			isa = PBXGroup;
			children = (
				847D297B1BA04D2600612D6A /* EEFriends.h */,
				847D297C1BA04D2600612D6A /* EEFriends.m */,
			);
			path = Friends;
			sourceTree = "<group>";
		};
		847D297D1BA04D2600612D6A /* Photo */ = {
			isa = PBXGroup;
			children = (
				847D297E1BA04D2600612D6A /* EEPhoto.h */,
				847D297F1BA04D2600612D6A /* EEPhoto.m */,
			);
			path = Photo;
			sourceTree = "<group>";
		};
		847D29801BA04D2600612D6A /* Requests */ = {
			isa = PBXGroup;
			children = (
				847D29811BA04D2600612D6A /* EERequests.h */,
				847D29821BA04D2600612D6A /* EERequests.m */,
			);
			path = Requests;
			sourceTree = "<group>";
		};
		847D29831BA04D2600612D6A /* ResponseBilder */ = {
			isa = PBXGroup;
			children = (
				847D29841BA04D2600612D6A /* EEResponseBilder.h */,
				847D29851BA04D2600612D6A /* EEResponseBilder.m */,
			);
			path = ResponseBilder;
			sourceTree = "<group>";
		};
		847D29861BA04D2600612D6A /* ViewControllers */ = {
			isa = PBXGroup;
			children = (
				847D29E11BA07B2900612D6A /* CaptchaVC */,
				847D29871BA04D2600612D6A /* AlbumVC */,
				847D298E1BA04D2600612D6A /* FriendsListVC */,
				847D29991BA04D2600612D6A /* LoginVC */,
				847D299E1BA04D2600612D6A /* PhotoGalleryVC */,
				847D29A51BA04D2600612D6A /* PhotosVC */,
				847D29AB1BA04D2600612D6A /* UserDetail */,
			);
			path = ViewControllers;
			sourceTree = "<group>";
		};
		847D29871BA04D2600612D6A /* AlbumVC */ = {
			isa = PBXGroup;
			children = (
				847D29881BA04D2600612D6A /* AlbumCell */,
				847D298C1BA04D2600612D6A /* EEAlbumsVC.h */,
				847D298D1BA04D2600612D6A /* EEAlbumsVC.m */,
			);
			path = AlbumVC;
			sourceTree = "<group>";
		};
		847D29881BA04D2600612D6A /* AlbumCell */ = {
			isa = PBXGroup;
			children = (
				847D29891BA04D2600612D6A /* AlbumCell.xib */,
				847D298A1BA04D2600612D6A /* EEAlbumCell.h */,
				847D298B1BA04D2600612D6A /* EEAlbumCell.m */,
			);
			path = AlbumCell;
			sourceTree = "<group>";
		};
		847D298E1BA04D2600612D6A /* FriendsListVC */ = {
			isa = PBXGroup;
			children = (
				847D298F1BA04D2600612D6A /* EEFriendsListVC.h */,
				847D29901BA04D2600612D6A /* EEFriendsListVC.m */,
				847D29911BA04D2600612D6A /* FriendsListCell */,
				847D29951BA04D2600612D6A /* LoadingCell */,
			);
			path = FriendsListVC;
			sourceTree = "<group>";
		};
		847D29911BA04D2600612D6A /* FriendsListCell */ = {
			isa = PBXGroup;
			children = (
				847D29921BA04D2600612D6A /* EEFriendsListCell.h */,
				847D29931BA04D2600612D6A /* EEFriendsListCell.m */,
				847D29941BA04D2600612D6A /* FriendsListCell.xib */,
			);
			path = FriendsListCell;
			sourceTree = "<group>";
		};
		847D29951BA04D2600612D6A /* LoadingCell */ = {
			isa = PBXGroup;
			children = (
				847D29961BA04D2600612D6A /* EELoadingCellTableViewCell.h */,
				847D29971BA04D2600612D6A /* EELoadingCellTableViewCell.m */,
				847D29981BA04D2600612D6A /* LoadingCell.xib */,
			);
			path = LoadingCell;
			sourceTree = "<group>";
		};
		847D29991BA04D2600612D6A /* LoginVC */ = {
			isa = PBXGroup;
			children = (
				847D299A1BA04D2600612D6A /* EEMainVC.h */,
				847D299B1BA04D2600612D6A /* EEMainVC.m */,
				847D299C1BA04D2600612D6A /* EEVkLoginVC.h */,
				847D299D1BA04D2600612D6A /* EEVkLoginVC.m */,
			);
			path = LoginVC;
			sourceTree = "<group>";
		};
		847D299E1BA04D2600612D6A /* PhotoGalleryVC */ = {
			isa = PBXGroup;
			children = (
				847D299F1BA04D2600612D6A /* EEPhotoGalleryVC.h */,
				847D29A01BA04D2600612D6A /* EEPhotoGalleryVC.m */,
				847D29A11BA04D2600612D6A /* GalleryCell */,
			);
			path = PhotoGalleryVC;
			sourceTree = "<group>";
		};
		847D29A11BA04D2600612D6A /* GalleryCell */ = {
			isa = PBXGroup;
			children = (
				847D29A21BA04D2600612D6A /* EEGalleryCell.h */,
				847D29A31BA04D2600612D6A /* EEGalleryCell.m */,
				847D29A41BA04D2600612D6A /* GalleryCell.xib */,
			);
			path = GalleryCell;
			sourceTree = "<group>";
		};
		847D29A51BA04D2600612D6A /* PhotosVC */ = {
			isa = PBXGroup;
			children = (
				847D29A61BA04D2600612D6A /* EEPhotosVC.h */,
				847D29A71BA04D2600612D6A /* EEPhotosVC.m */,
				847D29A81BA04D2600612D6A /* PhotoCell */,
			);
			path = PhotosVC;
			sourceTree = "<group>";
		};
		847D29A81BA04D2600612D6A /* PhotoCell */ = {
			isa = PBXGroup;
			children = (
				847D29A91BA04D2600612D6A /* EEPhotoCell.h */,
				847D29AA1BA04D2600612D6A /* EEPhotoCell.m */,
			);
			path = PhotoCell;
			sourceTree = "<group>";
		};
		847D29AB1BA04D2600612D6A /* UserDetail */ = {
			isa = PBXGroup;
			children = (
				847D29AC1BA04D2600612D6A /* EEUserDetailVC.h */,
				847D29AD1BA04D2600612D6A /* EEUserDetailVC.m */,
				847D29AE1BA04D2600612D6A /* UserDetailCell */,
			);
			path = UserDetail;
			sourceTree = "<group>";
		};
		847D29AE1BA04D2600612D6A /* UserDetailCell */ = {
			isa = PBXGroup;
			children = (
				847D29AF1BA04D2600612D6A /* EEUserDetailCell.h */,
				847D29B01BA04D2600612D6A /* EEUserDetailCell.m */,
				847D29B11BA04D2600612D6A /* UserDetailCell.xib */,
			);
			path = UserDetailCell;
			sourceTree = "<group>";
		};
		847D29E11BA07B2900612D6A /* CaptchaVC */ = {
			isa = PBXGroup;
			children = (
				847D29E21BA07B6F00612D6A /* EECaptchaVC.h */,
				847D29E31BA07B6F00612D6A /* EECaptchaVC.m */,
			);
			name = CaptchaVC;
			sourceTree = "<group>";
		};
		84C1C3AE1B4BCF3E00959DF2 = {
			isa = PBXGroup;
			children = (
				84C1C3B91B4BCF3E00959DF2 /* VKPhotoViewer */,
				84C1C3D31B4BCF3E00959DF2 /* VKPhotoViewerTests */,
				84C1C3B81B4BCF3E00959DF2 /* Products */,
				873C82098AA3995BD7B603C3 /* Pods */,
				7E2657507420A609F7660ED8 /* Frameworks */,
			);
			sourceTree = "<group>";
		};
		84C1C3B81B4BCF3E00959DF2 /* Products */ = {
			isa = PBXGroup;
			children = (
				84C1C3B71B4BCF3E00959DF2 /* VKPhotoViewer.app */,
				84C1C3D01B4BCF3E00959DF2 /* VKPhotoViewerTests.xctest */,
			);
			name = Products;
			sourceTree = "<group>";
		};
		84C1C3B91B4BCF3E00959DF2 /* VKPhotoViewer */ = {
			isa = PBXGroup;
			children = (
				84C1A41A1B4BD3F700D5F5C0 /* Constants.h */,
				84C1C3BE1B4BCF3E00959DF2 /* AppDelegate.h */,
				84C1C3BF1B4BCF3E00959DF2 /* AppDelegate.m */,
				847D29761BA04D2600612D6A /* Models */,
				847D29801BA04D2600612D6A /* Requests */,
				847D29831BA04D2600612D6A /* ResponseBilder */,
				847D29861BA04D2600612D6A /* ViewControllers */,
				847D29DC1BA04D3400612D6A /* Main.storyboard */,
				847D29411BA04BD500612D6A /* Communications */,
				847D29491BA04D2600612D6A /* Frameworks */,
				84C1C3BA1B4BCF3E00959DF2 /* Supporting Files */,
			);
			path = VKPhotoViewer;
			sourceTree = "<group>";
		};
		84C1C3BA1B4BCF3E00959DF2 /* Supporting Files */ = {
			isa = PBXGroup;
			children = (
				84C1C3C71B4BCF3E00959DF2 /* Images.xcassets */,
				84C1C3C91B4BCF3E00959DF2 /* LaunchScreen.xib */,
				84C1C3BB1B4BCF3E00959DF2 /* Info.plist */,
				84C1C3BC1B4BCF3E00959DF2 /* main.m */,
			);
			name = "Supporting Files";
			sourceTree = "<group>";
		};
		84C1C3D31B4BCF3E00959DF2 /* VKPhotoViewerTests */ = {
			isa = PBXGroup;
			children = (
				84C1C3D61B4BCF3E00959DF2 /* VKPhotoViewerTests.m */,
				84C1C3D41B4BCF3E00959DF2 /* Supporting Files */,
			);
			path = VKPhotoViewerTests;
			sourceTree = "<group>";
		};
		84C1C3D41B4BCF3E00959DF2 /* Supporting Files */ = {
			isa = PBXGroup;
			children = (
				84C1C3D51B4BCF3E00959DF2 /* Info.plist */,
			);
			name = "Supporting Files";
			sourceTree = "<group>";
		};
		873C82098AA3995BD7B603C3 /* Pods */ = {
			isa = PBXGroup;
			children = (
				0A93F51068735526F40768D9 /* Pods.debug.xcconfig */,
				4F029252C5389E17067EAEBE /* Pods.release.xcconfig */,
			);
			name = Pods;
			sourceTree = "<group>";
		};
/* End PBXGroup section */

/* Begin PBXNativeTarget section */
		84C1C3B61B4BCF3E00959DF2 /* VKPhotoViewer */ = {
			isa = PBXNativeTarget;
			buildConfigurationList = 84C1C3DA1B4BCF3E00959DF2 /* Build configuration list for PBXNativeTarget "VKPhotoViewer" */;
			buildPhases = (
				61A7EA5E635FE86331615B89 /* Check Pods Manifest.lock */,
				84C1C3B31B4BCF3E00959DF2 /* Sources */,
				84C1C3B41B4BCF3E00959DF2 /* Frameworks */,
				84C1C3B51B4BCF3E00959DF2 /* Resources */,
				7A3F78B8902D25B620F58A37 /* Copy Pods Resources */,
			);
			buildRules = (
			);
			dependencies = (
			);
			name = VKPhotoViewer;
			productName = VKPhotoViewer;
			productReference = 84C1C3B71B4BCF3E00959DF2 /* VKPhotoViewer.app */;
			productType = "com.apple.product-type.application";
		};
		84C1C3CF1B4BCF3E00959DF2 /* VKPhotoViewerTests */ = {
			isa = PBXNativeTarget;
			buildConfigurationList = 84C1C3DD1B4BCF3E00959DF2 /* Build configuration list for PBXNativeTarget "VKPhotoViewerTests" */;
			buildPhases = (
				84C1C3CC1B4BCF3E00959DF2 /* Sources */,
				84C1C3CD1B4BCF3E00959DF2 /* Frameworks */,
				84C1C3CE1B4BCF3E00959DF2 /* Resources */,
			);
			buildRules = (
			);
			dependencies = (
				84C1C3D21B4BCF3E00959DF2 /* PBXTargetDependency */,
			);
			name = VKPhotoViewerTests;
			productName = VKPhotoViewerTests;
			productReference = 84C1C3D01B4BCF3E00959DF2 /* VKPhotoViewerTests.xctest */;
			productType = "com.apple.product-type.bundle.unit-test";
		};
/* End PBXNativeTarget section */

/* Begin PBXProject section */
		84C1C3AF1B4BCF3E00959DF2 /* Project object */ = {
			isa = PBXProject;
			attributes = {
				LastUpgradeCheck = 0600;
				ORGANIZATIONNAME = Admin;
				TargetAttributes = {
					84C1C3B61B4BCF3E00959DF2 = {
						CreatedOnToolsVersion = 6.0;
					};
					84C1C3CF1B4BCF3E00959DF2 = {
						CreatedOnToolsVersion = 6.0;
						TestTargetID = 84C1C3B61B4BCF3E00959DF2;
					};
				};
			};
			buildConfigurationList = 84C1C3B21B4BCF3E00959DF2 /* Build configuration list for PBXProject "VKPhotoViewer" */;
			compatibilityVersion = "Xcode 3.2";
			developmentRegion = English;
			hasScannedForEncodings = 0;
			knownRegions = (
				en,
				Base,
			);
			mainGroup = 84C1C3AE1B4BCF3E00959DF2;
			productRefGroup = 84C1C3B81B4BCF3E00959DF2 /* Products */;
			projectDirPath = "";
			projectRoot = "";
			targets = (
				84C1C3B61B4BCF3E00959DF2 /* VKPhotoViewer */,
				84C1C3CF1B4BCF3E00959DF2 /* VKPhotoViewerTests */,
			);
		};
/* End PBXProject section */

/* Begin PBXResourcesBuildPhase section */
		84C1C3B51B4BCF3E00959DF2 /* Resources */ = {
			isa = PBXResourcesBuildPhase;
			buildActionMask = 2147483647;
			files = (
				84C1C3CB1B4BCF3E00959DF2 /* LaunchScreen.xib in Resources */,
				847D29CA1BA04D2600612D6A /* AlbumCell.xib in Resources */,
				84C1C3C81B4BCF3E00959DF2 /* Images.xcassets in Resources */,
				847D29DD1BA04D3400612D6A /* Main.storyboard in Resources */,
				847D29D11BA04D2600612D6A /* LoadingCell.xib in Resources */,
				847D29D61BA04D2600612D6A /* GalleryCell.xib in Resources */,
				847D29DB1BA04D2600612D6A /* UserDetailCell.xib in Resources */,
				847D29CF1BA04D2600612D6A /* FriendsListCell.xib in Resources */,
			);
			runOnlyForDeploymentPostprocessing = 0;
		};
		84C1C3CE1B4BCF3E00959DF2 /* Resources */ = {
			isa = PBXResourcesBuildPhase;
			buildActionMask = 2147483647;
			files = (
			);
			runOnlyForDeploymentPostprocessing = 0;
		};
/* End PBXResourcesBuildPhase section */

/* Begin PBXShellScriptBuildPhase section */
		61A7EA5E635FE86331615B89 /* Check Pods Manifest.lock */ = {
			isa = PBXShellScriptBuildPhase;
			buildActionMask = 2147483647;
			files = (
			);
			inputPaths = (
			);
			name = "Check Pods Manifest.lock";
			outputPaths = (
			);
			runOnlyForDeploymentPostprocessing = 0;
			shellPath = /bin/sh;
			shellScript = "diff \"${PODS_ROOT}/../Podfile.lock\" \"${PODS_ROOT}/Manifest.lock\" > /dev/null\nif [[ $? != 0 ]] ; then\n    cat << EOM\nerror: The sandbox is not in sync with the Podfile.lock. Run 'pod install' or update your CocoaPods installation.\nEOM\n    exit 1\nfi\n";
			showEnvVarsInLog = 0;
		};
		7A3F78B8902D25B620F58A37 /* Copy Pods Resources */ = {
			isa = PBXShellScriptBuildPhase;
			buildActionMask = 2147483647;
			files = (
			);
			inputPaths = (
			);
			name = "Copy Pods Resources";
			outputPaths = (
			);
			runOnlyForDeploymentPostprocessing = 0;
			shellPath = /bin/sh;
			shellScript = "\"${SRCROOT}/Pods/Target Support Files/Pods/Pods-resources.sh\"\n";
			showEnvVarsInLog = 0;
		};
/* End PBXShellScriptBuildPhase section */

/* Begin PBXSourcesBuildPhase section */
		84C1C3B31B4BCF3E00959DF2 /* Sources */ = {
			isa = PBXSourcesBuildPhase;
			buildActionMask = 2147483647;
			files = (
				847D29CC1BA04D2600612D6A /* EEAlbumsVC.m in Sources */,
				847D29DA1BA04D2600612D6A /* EEUserDetailCell.m in Sources */,
				847D29D41BA04D2600612D6A /* EEPhotoGalleryVC.m in Sources */,
				847D29D01BA04D2600612D6A /* EELoadingCellTableViewCell.m in Sources */,
				847D29C31BA04D2600612D6A /* UIView+Haneke.m in Sources */,
				847D29BB1BA04D2600612D6A /* EGOCache.m in Sources */,
				847D29481BA04CD300612D6A /* EENetworkManager.m in Sources */,
				847D29CE1BA04D2600612D6A /* EEFriendsListCell.m in Sources */,
				847D29CB1BA04D2600612D6A /* EEAlbumCell.m in Sources */,
				847D29C11BA04D2600612D6A /* UIButton+Haneke.m in Sources */,
				847D29E41BA07B6F00612D6A /* EECaptchaVC.m in Sources */,
				847D29D91BA04D2600612D6A /* EEUserDetailVC.m in Sources */,
				847D29C41BA04D2600612D6A /* UIImage+StackBlur.m in Sources */,
				847D29BF1BA04D2600612D6A /* HNKNetworkFetcher.m in Sources */,
				847D29BD1BA04D2600612D6A /* HNKDiskCache.m in Sources */,
				847D29C51BA04D2600612D6A /* EEAlbum.m in Sources */,
				847D29D81BA04D2600612D6A /* EEPhotoCell.m in Sources */,
				847D29C01BA04D2600612D6A /* HNKSimpleFetcher.m in Sources */,
				847D29C91BA04D2600612D6A /* EEResponseBilder.m in Sources */,
				847D29D71BA04D2600612D6A /* EEPhotosVC.m in Sources */,
				847D29BE1BA04D2600612D6A /* HNKDiskFetcher.m in Sources */,
				847D29E01BA04D5F00612D6A /* EEAppManager.m in Sources */,
				847D29C81BA04D2600612D6A /* EERequests.m in Sources */,
				847D29D21BA04D2600612D6A /* EEMainVC.m in Sources */,
				847D29D51BA04D2600612D6A /* EEGalleryCell.m in Sources */,
				847D29CD1BA04D2600612D6A /* EEFriendsListVC.m in Sources */,
				847D29BC1BA04D2600612D6A /* HNKCache.m in Sources */,
				847D29C61BA04D2600612D6A /* EEFriends.m in Sources */,
				84C1C3C01B4BCF3E00959DF2 /* AppDelegate.m in Sources */,
				847D29C71BA04D2600612D6A /* EEPhoto.m in Sources */,
				847D29D31BA04D2600612D6A /* EEVkLoginVC.m in Sources */,
				847D29C21BA04D2600612D6A /* UIImageView+Haneke.m in Sources */,
				84C1C3BD1B4BCF3E00959DF2 /* main.m in Sources */,
			);
			runOnlyForDeploymentPostprocessing = 0;
		};
		84C1C3CC1B4BCF3E00959DF2 /* Sources */ = {
			isa = PBXSourcesBuildPhase;
			buildActionMask = 2147483647;
			files = (
				84C1C3D71B4BCF3E00959DF2 /* VKPhotoViewerTests.m in Sources */,
			);
			runOnlyForDeploymentPostprocessing = 0;
		};
/* End PBXSourcesBuildPhase section */

/* Begin PBXTargetDependency section */
		84C1C3D21B4BCF3E00959DF2 /* PBXTargetDependency */ = {
			isa = PBXTargetDependency;
			target = 84C1C3B61B4BCF3E00959DF2 /* VKPhotoViewer */;
			targetProxy = 84C1C3D11B4BCF3E00959DF2 /* PBXContainerItemProxy */;
		};
/* End PBXTargetDependency section */

/* Begin PBXVariantGroup section */
		84C1C3C91B4BCF3E00959DF2 /* LaunchScreen.xib */ = {
			isa = PBXVariantGroup;
			children = (
				84C1C3CA1B4BCF3E00959DF2 /* Base */,
			);
			name = LaunchScreen.xib;
			sourceTree = "<group>";
		};
/* End PBXVariantGroup section */

/* Begin XCBuildConfiguration section */
		84C1C3D81B4BCF3E00959DF2 /* Debug */ = {
			isa = XCBuildConfiguration;
			buildSettings = {
				ALWAYS_SEARCH_USER_PATHS = NO;
				CLANG_CXX_LANGUAGE_STANDARD = "gnu++0x";
				CLANG_CXX_LIBRARY = "libc++";
				CLANG_ENABLE_MODULES = YES;
				CLANG_ENABLE_OBJC_ARC = YES;
				CLANG_WARN_BOOL_CONVERSION = YES;
				CLANG_WARN_CONSTANT_CONVERSION = YES;
				CLANG_WARN_DIRECT_OBJC_ISA_USAGE = YES_ERROR;
				CLANG_WARN_EMPTY_BODY = YES;
				CLANG_WARN_ENUM_CONVERSION = YES;
				CLANG_WARN_INT_CONVERSION = YES;
				CLANG_WARN_OBJC_ROOT_CLASS = YES_ERROR;
				CLANG_WARN_UNREACHABLE_CODE = YES;
				CLANG_WARN__DUPLICATE_METHOD_MATCH = YES;
				"CODE_SIGN_IDENTITY[sdk=iphoneos*]" = "iPhone Developer";
				COPY_PHASE_STRIP = NO;
				ENABLE_STRICT_OBJC_MSGSEND = YES;
				GCC_C_LANGUAGE_STANDARD = gnu99;
				GCC_DYNAMIC_NO_PIC = NO;
				GCC_OPTIMIZATION_LEVEL = 0;
				GCC_PREPROCESSOR_DEFINITIONS = (
					"DEBUG=1",
					"$(inherited)",
				);
				GCC_SYMBOLS_PRIVATE_EXTERN = NO;
				GCC_WARN_64_TO_32_BIT_CONVERSION = YES;
				GCC_WARN_ABOUT_RETURN_TYPE = YES_ERROR;
				GCC_WARN_UNDECLARED_SELECTOR = YES;
				GCC_WARN_UNINITIALIZED_AUTOS = YES_AGGRESSIVE;
				GCC_WARN_UNUSED_FUNCTION = YES;
				GCC_WARN_UNUSED_VARIABLE = YES;
				IPHONEOS_DEPLOYMENT_TARGET = 8.0;
				MTL_ENABLE_DEBUG_INFO = YES;
				ONLY_ACTIVE_ARCH = YES;
				SDKROOT = iphoneos;
			};
			name = Debug;
		};
		84C1C3D91B4BCF3E00959DF2 /* Release */ = {
			isa = XCBuildConfiguration;
			buildSettings = {
				ALWAYS_SEARCH_USER_PATHS = NO;
				CLANG_CXX_LANGUAGE_STANDARD = "gnu++0x";
				CLANG_CXX_LIBRARY = "libc++";
				CLANG_ENABLE_MODULES = YES;
				CLANG_ENABLE_OBJC_ARC = YES;
				CLANG_WARN_BOOL_CONVERSION = YES;
				CLANG_WARN_CONSTANT_CONVERSION = YES;
				CLANG_WARN_DIRECT_OBJC_ISA_USAGE = YES_ERROR;
				CLANG_WARN_EMPTY_BODY = YES;
				CLANG_WARN_ENUM_CONVERSION = YES;
				CLANG_WARN_INT_CONVERSION = YES;
				CLANG_WARN_OBJC_ROOT_CLASS = YES_ERROR;
				CLANG_WARN_UNREACHABLE_CODE = YES;
				CLANG_WARN__DUPLICATE_METHOD_MATCH = YES;
				"CODE_SIGN_IDENTITY[sdk=iphoneos*]" = "iPhone Developer";
				COPY_PHASE_STRIP = YES;
				ENABLE_NS_ASSERTIONS = NO;
				ENABLE_STRICT_OBJC_MSGSEND = YES;
				GCC_C_LANGUAGE_STANDARD = gnu99;
				GCC_WARN_64_TO_32_BIT_CONVERSION = YES;
				GCC_WARN_ABOUT_RETURN_TYPE = YES_ERROR;
				GCC_WARN_UNDECLARED_SELECTOR = YES;
				GCC_WARN_UNINITIALIZED_AUTOS = YES_AGGRESSIVE;
				GCC_WARN_UNUSED_FUNCTION = YES;
				GCC_WARN_UNUSED_VARIABLE = YES;
				IPHONEOS_DEPLOYMENT_TARGET = 8.0;
				MTL_ENABLE_DEBUG_INFO = NO;
				SDKROOT = iphoneos;
				VALIDATE_PRODUCT = YES;
			};
			name = Release;
		};
		84C1C3DB1B4BCF3E00959DF2 /* Debug */ = {
			isa = XCBuildConfiguration;
			baseConfigurationReference = 0A93F51068735526F40768D9 /* Pods.debug.xcconfig */;
			buildSettings = {
				ASSETCATALOG_COMPILER_APPICON_NAME = AppIcon;
				CODE_SIGN_IDENTITY = "iPhone Developer: Volodymyr Shevchyk (M43AJU8B7V)";
				"CODE_SIGN_IDENTITY[sdk=iphoneos*]" = "iPhone Developer: Volodymyr Shevchyk (M43AJU8B7V)";
				INFOPLIST_FILE = VKPhotoViewer/Info.plist;
				IPHONEOS_DEPLOYMENT_TARGET = 8.0;
				LD_RUNPATH_SEARCH_PATHS = "$(inherited) @executable_path/Frameworks";
				PRODUCT_NAME = "$(TARGET_NAME)";
				PROVISIONING_PROFILE = "84034f20-53f0-49b0-a349-4a91a0b40877";
				TARGETED_DEVICE_FAMILY = 1;
			};
			name = Debug;
		};
		84C1C3DC1B4BCF3E00959DF2 /* Release */ = {
			isa = XCBuildConfiguration;
			baseConfigurationReference = 4F029252C5389E17067EAEBE /* Pods.release.xcconfig */;
			buildSettings = {
				ASSETCATALOG_COMPILER_APPICON_NAME = AppIcon;
				CODE_SIGN_IDENTITY = "iPhone Developer: Volodymyr Shevchyk (M43AJU8B7V)";
				INFOPLIST_FILE = VKPhotoViewer/Info.plist;
				IPHONEOS_DEPLOYMENT_TARGET = 8.0;
				LD_RUNPATH_SEARCH_PATHS = "$(inherited) @executable_path/Frameworks";
				PRODUCT_NAME = "$(TARGET_NAME)";
				PROVISIONING_PROFILE = "84034f20-53f0-49b0-a349-4a91a0b40877";
				TARGETED_DEVICE_FAMILY = 1;
			};
			name = Release;
		};
		84C1C3DE1B4BCF3E00959DF2 /* Debug */ = {
			isa = XCBuildConfiguration;
			buildSettings = {
				BUNDLE_LOADER = "$(TEST_HOST)";
				FRAMEWORK_SEARCH_PATHS = (
					"$(SDKROOT)/Developer/Library/Frameworks",
					"$(inherited)",
				);
				GCC_PREPROCESSOR_DEFINITIONS = (
					"DEBUG=1",
					"$(inherited)",
				);
				INFOPLIST_FILE = VKPhotoViewerTests/Info.plist;
				LD_RUNPATH_SEARCH_PATHS = "$(inherited) @executable_path/Frameworks @loader_path/Frameworks";
				PRODUCT_NAME = "$(TARGET_NAME)";
				TEST_HOST = "$(BUILT_PRODUCTS_DIR)/VKPhotoViewer.app/VKPhotoViewer";
			};
			name = Debug;
		};
		84C1C3DF1B4BCF3E00959DF2 /* Release */ = {
			isa = XCBuildConfiguration;
			buildSettings = {
				BUNDLE_LOADER = "$(TEST_HOST)";
				FRAMEWORK_SEARCH_PATHS = (
					"$(SDKROOT)/Developer/Library/Frameworks",
					"$(inherited)",
				);
				INFOPLIST_FILE = VKPhotoViewerTests/Info.plist;
				LD_RUNPATH_SEARCH_PATHS = "$(inherited) @executable_path/Frameworks @loader_path/Frameworks";
				PRODUCT_NAME = "$(TARGET_NAME)";
				TEST_HOST = "$(BUILT_PRODUCTS_DIR)/VKPhotoViewer.app/VKPhotoViewer";
			};
			name = Release;
		};
/* End XCBuildConfiguration section */

/* Begin XCConfigurationList section */
		84C1C3B21B4BCF3E00959DF2 /* Build configuration list for PBXProject "VKPhotoViewer" */ = {
			isa = XCConfigurationList;
			buildConfigurations = (
				84C1C3D81B4BCF3E00959DF2 /* Debug */,
				84C1C3D91B4BCF3E00959DF2 /* Release */,
			);
			defaultConfigurationIsVisible = 0;
			defaultConfigurationName = Release;
		};
		84C1C3DA1B4BCF3E00959DF2 /* Build configuration list for PBXNativeTarget "VKPhotoViewer" */ = {
			isa = XCConfigurationList;
			buildConfigurations = (
				84C1C3DB1B4BCF3E00959DF2 /* Debug */,
				84C1C3DC1B4BCF3E00959DF2 /* Release */,
			);
			defaultConfigurationIsVisible = 0;
			defaultConfigurationName = Release;
		};
		84C1C3DD1B4BCF3E00959DF2 /* Build configuration list for PBXNativeTarget "VKPhotoViewerTests" */ = {
			isa = XCConfigurationList;
			buildConfigurations = (
				84C1C3DE1B4BCF3E00959DF2 /* Debug */,
				84C1C3DF1B4BCF3E00959DF2 /* Release */,
			);
			defaultConfigurationIsVisible = 0;
			defaultConfigurationName = Release;
		};
/* End XCConfigurationList section */
	};
	rootObject = 84C1C3AF1B4BCF3E00959DF2 /* Project object */;
}
